// !$*UTF8*$!
{
	archiveVersion = 1;
	classes = {
	};
	objectVersion = 50;
	objects = {

/* Begin PBXBuildFile section */
		290D4A9021F4BA8400F2F122 /* SwiftyBeaver.framework in Frameworks */ = {isa = PBXBuildFile; fileRef = 290D4A8D21F4BA8400F2F122 /* SwiftyBeaver.framework */; };
		290D4A9121F4BA8400F2F122 /* RxCocoa.framework in Frameworks */ = {isa = PBXBuildFile; fileRef = 290D4A8E21F4BA8400F2F122 /* RxCocoa.framework */; };
		290D4A9221F4BA8400F2F122 /* RxSwift.framework in Frameworks */ = {isa = PBXBuildFile; fileRef = 290D4A8F21F4BA8400F2F122 /* RxSwift.framework */; };
		290D4A9321F4BABA00F2F122 /* RxCocoa.framework in Frameworks */ = {isa = PBXBuildFile; fileRef = 290D4A8E21F4BA8400F2F122 /* RxCocoa.framework */; };
		290D4A9421F4BABA00F2F122 /* RxSwift.framework in Frameworks */ = {isa = PBXBuildFile; fileRef = 290D4A8F21F4BA8400F2F122 /* RxSwift.framework */; };
		290D4A9521F4BABA00F2F122 /* SwiftyBeaver.framework in Frameworks */ = {isa = PBXBuildFile; fileRef = 290D4A8D21F4BA8400F2F122 /* SwiftyBeaver.framework */; };
		290D4A9A21F4BABB00F2F122 /* RxTest.framework in Frameworks */ = {isa = PBXBuildFile; fileRef = 290D4A9621F4BABB00F2F122 /* RxTest.framework */; };
		290D4A9B21F4BABB00F2F122 /* RxBlocking.framework in Frameworks */ = {isa = PBXBuildFile; fileRef = 290D4A9721F4BABB00F2F122 /* RxBlocking.framework */; };
		290D4A9C21F4BABB00F2F122 /* Swifter.framework in Frameworks */ = {isa = PBXBuildFile; fileRef = 290D4A9821F4BABB00F2F122 /* Swifter.framework */; };
		290D4A9D21F4BABB00F2F122 /* RxAtomic.framework in Frameworks */ = {isa = PBXBuildFile; fileRef = 290D4A9921F4BABB00F2F122 /* RxAtomic.framework */; };
		290D4A9F21F4C4E400F2F122 /* Swinject.framework in Frameworks */ = {isa = PBXBuildFile; fileRef = 290D4A9E21F4C4E400F2F122 /* Swinject.framework */; };
		290D4AA021F4C69F00F2F122 /* AppLoggerTests.swift in Sources */ = {isa = PBXBuildFile; fileRef = F426E48FE2C88B78CD6EA9BC /* AppLoggerTests.swift */; };
		290D4AA121F4C7F800F2F122 /* Swinject.framework in Frameworks */ = {isa = PBXBuildFile; fileRef = 290D4A9E21F4C4E400F2F122 /* Swinject.framework */; };
		290D4AA321F4CCE200F2F122 /* LoggerInterceptorTests.swift in Sources */ = {isa = PBXBuildFile; fileRef = 290D4AA221F4CCE200F2F122 /* LoggerInterceptorTests.swift */; };
		2911764B21F45FB000438367 /* RxVipKit.framework in Frameworks */ = {isa = PBXBuildFile; fileRef = 2911764121F45FAF00438367 /* RxVipKit.framework */; };
		2911765221F45FB000438367 /* RxVipKit.h in Headers */ = {isa = PBXBuildFile; fileRef = 2911764421F45FAF00438367 /* RxVipKit.h */; settings = {ATTRIBUTES = (Public, ); }; };
		29367C1421F4D92400C84F0D /* AnyInterceptorTest.swift in Sources */ = {isa = PBXBuildFile; fileRef = 29367C1321F4D92400C84F0D /* AnyInterceptorTest.swift */; };
		29367C1621F4DA4500C84F0D /* InterceptorChainTests.swift in Sources */ = {isa = PBXBuildFile; fileRef = 29367C1521F4DA4500C84F0D /* InterceptorChainTests.swift */; };
		29367C1821F4DC5C00C84F0D /* LoggerDITests.swift in Sources */ = {isa = PBXBuildFile; fileRef = 29367C1721F4DC5C00C84F0D /* LoggerDITests.swift */; };
		29367C1A21F4DD2C00C84F0D /* InterceptorChainDiTests.swift in Sources */ = {isa = PBXBuildFile; fileRef = 29367C1921F4DD2C00C84F0D /* InterceptorChainDiTests.swift */; };
		29367C1D21F4DF8F00C84F0D /* Translator.swift in Sources */ = {isa = PBXBuildFile; fileRef = 29367C1C21F4DF8F00C84F0D /* Translator.swift */; };
		29367C1F21F4DFA000C84F0D /* NSLocalizedTranslator.swift in Sources */ = {isa = PBXBuildFile; fileRef = 29367C1E21F4DFA000C84F0D /* NSLocalizedTranslator.swift */; };
		29367C2221F4E39800C84F0D /* NSLocalizedTranslatorTests.swift in Sources */ = {isa = PBXBuildFile; fileRef = 29367C2121F4E39800C84F0D /* NSLocalizedTranslatorTests.swift */; };
		29367C2521F4E4AC00C84F0D /* Endpoint.swift in Sources */ = {isa = PBXBuildFile; fileRef = 29367C2421F4E4AC00C84F0D /* Endpoint.swift */; };
		29367C2821F4E4C300C84F0D /* EndpointMock.swift in Sources */ = {isa = PBXBuildFile; fileRef = 29367C2721F4E4C300C84F0D /* EndpointMock.swift */; };
		29367C2B21F4E52000C84F0D /* HttpMethod.swift in Sources */ = {isa = PBXBuildFile; fileRef = 29367C2A21F4E52000C84F0D /* HttpMethod.swift */; };
		29367C2E21F4E6FB00C84F0D /* RepositoryParameter.swift in Sources */ = {isa = PBXBuildFile; fileRef = 29367C2D21F4E6FB00C84F0D /* RepositoryParameter.swift */; };
		29367C3121F4E72200C84F0D /* RepositoryParameterMock.swift in Sources */ = {isa = PBXBuildFile; fileRef = 29367C3021F4E72200C84F0D /* RepositoryParameterMock.swift */; };
		29367C3321F4E9D300C84F0D /* EndpointTests.swift in Sources */ = {isa = PBXBuildFile; fileRef = 29367C3221F4E9D300C84F0D /* EndpointTests.swift */; };
		293F637A21F897A300A8F4FF /* DeserializableTests.swift in Sources */ = {isa = PBXBuildFile; fileRef = 293F637921F897A300A8F4FF /* DeserializableTests.swift */; };
		293F637C21F897F000A8F4FF /* Transformer+RxTests.swift in Sources */ = {isa = PBXBuildFile; fileRef = 293F637B21F897F000A8F4FF /* Transformer+RxTests.swift */; };
		293F637F21F89B6600A8F4FF /* EndpointToURLRequestTransformerTests.swift in Sources */ = {isa = PBXBuildFile; fileRef = 293F637E21F89B6600A8F4FF /* EndpointToURLRequestTransformerTests.swift */; };
		293F638221F89C5B00A8F4FF /* StubServer.swift in Sources */ = {isa = PBXBuildFile; fileRef = 293F638121F89C5B00A8F4FF /* StubServer.swift */; };
		293F638421F8A7A700A8F4FF /* EndpointFailMock.swift in Sources */ = {isa = PBXBuildFile; fileRef = 293F638321F8A7A700A8F4FF /* EndpointFailMock.swift */; };
		293F638621F8A9F300A8F4FF /* EndPointFullDataMock.swift in Sources */ = {isa = PBXBuildFile; fileRef = 293F638521F8A9F300A8F4FF /* EndPointFullDataMock.swift */; };
		293F638821F8AD0800A8F4FF /* RespositoryParameterFullDataMock.swift in Sources */ = {isa = PBXBuildFile; fileRef = 293F638721F8AD0800A8F4FF /* RespositoryParameterFullDataMock.swift */; };
		293F638E21F8B4CC00A8F4FF /* EndpointFailMock2.swift in Sources */ = {isa = PBXBuildFile; fileRef = 293F638D21F8B4CC00A8F4FF /* EndpointFailMock2.swift */; };
		2958A02821FDE09B000ADF1E /* AppContainer.swift in Sources */ = {isa = PBXBuildFile; fileRef = 2958A02721FDE09B000ADF1E /* AppContainer.swift */; };
		2971FC6D21FAEFED00988B10 /* AppHTTPClientTyoeTests.swift in Sources */ = {isa = PBXBuildFile; fileRef = 2971FC6C21FAEFED00988B10 /* AppHTTPClientTyoeTests.swift */; };
		2971FC6F21FAFCC300988B10 /* RepositoryTestMock.swift in Sources */ = {isa = PBXBuildFile; fileRef = 2971FC6E21FAFCC300988B10 /* RepositoryTestMock.swift */; };
		2971FC7121FAFD4E00988B10 /* Repository.swift in Sources */ = {isa = PBXBuildFile; fileRef = 2971FC7021FAFD4E00988B10 /* Repository.swift */; };
		2971FC7321FAFF3700988B10 /* RepositoryTests.swift in Sources */ = {isa = PBXBuildFile; fileRef = 2971FC7221FAFF3700988B10 /* RepositoryTests.swift */; };
		2971FC7721FB003B00988B10 /* AnyRespository.swift in Sources */ = {isa = PBXBuildFile; fileRef = 2971FC7621FB003B00988B10 /* AnyRespository.swift */; };
		2971FC7921FC372400988B10 /* EndpointNoContentMock.swift in Sources */ = {isa = PBXBuildFile; fileRef = 2971FC7821FC372400988B10 /* EndpointNoContentMock.swift */; };
		2971FC8421FC9D7A00988B10 /* EventResponse.swift in Sources */ = {isa = PBXBuildFile; fileRef = 2971FC8321FC9D7A00988B10 /* EventResponse.swift */; };
		2971FC8621FC9DB400988B10 /* EventResponseCode.swift in Sources */ = {isa = PBXBuildFile; fileRef = 2971FC8521FC9DB400988B10 /* EventResponseCode.swift */; };
		2971FC8821FC9E7F00988B10 /* ViewState.swift in Sources */ = {isa = PBXBuildFile; fileRef = 2971FC8721FC9E7F00988B10 /* ViewState.swift */; };
		2971FC8B21FC9ED200988B10 /* LoadingEventResponseTests.swift in Sources */ = {isa = PBXBuildFile; fileRef = 2971FC8A21FC9ED200988B10 /* LoadingEventResponseTests.swift */; };
		2971FC9021FC9FEF00988B10 /* EventResponseMock.swift in Sources */ = {isa = PBXBuildFile; fileRef = 2971FC8F21FC9FEF00988B10 /* EventResponseMock.swift */; };
		298B680121F9E4C8003E0CBB /* HTTPErrorHandler.swift in Sources */ = {isa = PBXBuildFile; fileRef = 298B680021F9E4C8003E0CBB /* HTTPErrorHandler.swift */; };
		298B680421F9E569003E0CBB /* Response.swift in Sources */ = {isa = PBXBuildFile; fileRef = 298B680321F9E569003E0CBB /* Response.swift */; };
		298B680621F9E5AE003E0CBB /* HTTPStatusCode.swift in Sources */ = {isa = PBXBuildFile; fileRef = 298B680521F9E5AE003E0CBB /* HTTPStatusCode.swift */; };
		298B680821F9E686003E0CBB /* AppResponse.swift in Sources */ = {isa = PBXBuildFile; fileRef = 298B680721F9E686003E0CBB /* AppResponse.swift */; };
		298B680C21F9E99A003E0CBB /* ResponseTests.swift in Sources */ = {isa = PBXBuildFile; fileRef = 298B680B21F9E99A003E0CBB /* ResponseTests.swift */; };
		298B681321F9F434003E0CBB /* AppErrorHandlerMock.swift in Sources */ = {isa = PBXBuildFile; fileRef = 298B681221F9F434003E0CBB /* AppErrorHandlerMock.swift */; };
		298B681621F9F4D5003E0CBB /* NetworkActivity.swift in Sources */ = {isa = PBXBuildFile; fileRef = 298B681521F9F4D5003E0CBB /* NetworkActivity.swift */; };
		298B681F21FA0AFC003E0CBB /* NetworkAdapter.swift in Sources */ = {isa = PBXBuildFile; fileRef = 298B681E21FA0AFC003E0CBB /* NetworkAdapter.swift */; };
		298B682121FA0B33003E0CBB /* URLSessionNetworkAdapter.swift in Sources */ = {isa = PBXBuildFile; fileRef = 298B682021FA0B33003E0CBB /* URLSessionNetworkAdapter.swift */; };
		298B682421FA0B68003E0CBB /* NetworkActivityMock.swift in Sources */ = {isa = PBXBuildFile; fileRef = 298B682321FA0B68003E0CBB /* NetworkActivityMock.swift */; };
		298B682721FA0E3B003E0CBB /* URLSessionNetworkAdapterTests.swift in Sources */ = {isa = PBXBuildFile; fileRef = 298B682621FA0E3B003E0CBB /* URLSessionNetworkAdapterTests.swift */; };
		298B683421FA1EAC003E0CBB /* HTTPClientType.swift in Sources */ = {isa = PBXBuildFile; fileRef = 298B683321FA1EAC003E0CBB /* HTTPClientType.swift */; };
		298B683621FA1EFE003E0CBB /* Result.swift in Sources */ = {isa = PBXBuildFile; fileRef = 298B683521FA1EFE003E0CBB /* Result.swift */; };
		298B683821FA1F32003E0CBB /* AppHTTPClientType.swift in Sources */ = {isa = PBXBuildFile; fileRef = 298B683721FA1F32003E0CBB /* AppHTTPClientType.swift */; };
		29CFFB1E21F75600007221A0 /* EventParameterKey.swift in Sources */ = {isa = PBXBuildFile; fileRef = 29CFFB1D21F75600007221A0 /* EventParameterKey.swift */; };
		29CFFB2021F75856007221A0 /* Interactor.swift in Sources */ = {isa = PBXBuildFile; fileRef = 29CFFB1F21F75856007221A0 /* Interactor.swift */; };
		29CFFB2321F7588B007221A0 /* EventRequest.swift in Sources */ = {isa = PBXBuildFile; fileRef = 29CFFB2221F7588B007221A0 /* EventRequest.swift */; };
		29CFFB2521F758C5007221A0 /* AppAction.swift in Sources */ = {isa = PBXBuildFile; fileRef = 29CFFB2421F758C5007221A0 /* AppAction.swift */; };
		29CFFB2821F75A7D007221A0 /* EventRequestTests.swift in Sources */ = {isa = PBXBuildFile; fileRef = 29CFFB2721F75A7D007221A0 /* EventRequestTests.swift */; };
		29CFFB2B21F7662F007221A0 /* AppError.swift in Sources */ = {isa = PBXBuildFile; fileRef = 29CFFB2A21F7662E007221A0 /* AppError.swift */; };
		29CFFB2F21F766A2007221A0 /* DeserializationAppError.swift in Sources */ = {isa = PBXBuildFile; fileRef = 29CFFB2E21F766A2007221A0 /* DeserializationAppError.swift */; };
		29CFFB3121F767B4007221A0 /* DeserializationAppErrorTests.swift in Sources */ = {isa = PBXBuildFile; fileRef = 29CFFB3021F767B4007221A0 /* DeserializationAppErrorTests.swift */; };
		29CFFB3321F76990007221A0 /* ExpectsContentAppError.swift in Sources */ = {isa = PBXBuildFile; fileRef = 29CFFB3221F76990007221A0 /* ExpectsContentAppError.swift */; };
		29CFFB3521F76B44007221A0 /* ExpectsContentAppErrorTests.swift in Sources */ = {isa = PBXBuildFile; fileRef = 29CFFB3421F76B44007221A0 /* ExpectsContentAppErrorTests.swift */; };
		29CFFB3721F76BA3007221A0 /* MalformedURLAppError.swift in Sources */ = {isa = PBXBuildFile; fileRef = 29CFFB3621F76BA3007221A0 /* MalformedURLAppError.swift */; };
		29CFFB3921F76BD9007221A0 /* MalformedURLAppErrorTests.swift in Sources */ = {isa = PBXBuildFile; fileRef = 29CFFB3821F76BD9007221A0 /* MalformedURLAppErrorTests.swift */; };
		29CFFB3B21F76C09007221A0 /* NetworkAppError.swift in Sources */ = {isa = PBXBuildFile; fileRef = 29CFFB3A21F76C09007221A0 /* NetworkAppError.swift */; };
		29CFFB3D21F76C56007221A0 /* NetworkAppErrorTests.swift in Sources */ = {isa = PBXBuildFile; fileRef = 29CFFB3C21F76C56007221A0 /* NetworkAppErrorTests.swift */; };
		29CFFB3F21F76CAD007221A0 /* ParameterTypeAppErrorTests.swift in Sources */ = {isa = PBXBuildFile; fileRef = 29CFFB3E21F76CAD007221A0 /* ParameterTypeAppErrorTests.swift */; };
		29CFFB4121F76CDA007221A0 /* ParameterTypeAppError.swift in Sources */ = {isa = PBXBuildFile; fileRef = 29CFFB4021F76CDA007221A0 /* ParameterTypeAppError.swift */; };
		29CFFB4321F76D94007221A0 /* SerializationAppError.swift in Sources */ = {isa = PBXBuildFile; fileRef = 29CFFB4221F76D94007221A0 /* SerializationAppError.swift */; };
		29CFFB4521F76D9A007221A0 /* SerializationAppErrorTests.swift in Sources */ = {isa = PBXBuildFile; fileRef = 29CFFB4421F76D9A007221A0 /* SerializationAppErrorTests.swift */; };
		29CFFB4721F76E05007221A0 /* NoRequestParameterAppError.swift in Sources */ = {isa = PBXBuildFile; fileRef = 29CFFB4621F76E05007221A0 /* NoRequestParameterAppError.swift */; };
		29CFFB4921F76E25007221A0 /* NoRequestParameterAppErrorTests.swift in Sources */ = {isa = PBXBuildFile; fileRef = 29CFFB4821F76E25007221A0 /* NoRequestParameterAppErrorTests.swift */; };
		29CFFB4B21F76E65007221A0 /* DefaultAppError.swift in Sources */ = {isa = PBXBuildFile; fileRef = 29CFFB4A21F76E65007221A0 /* DefaultAppError.swift */; };
		29CFFB4D21F76EB9007221A0 /* DefaultAppErrorTests.swift in Sources */ = {isa = PBXBuildFile; fileRef = 29CFFB4C21F76EB9007221A0 /* DefaultAppErrorTests.swift */; };
		29CFFB4F21F76F28007221A0 /* InvalidFormAppErrorTests.swift in Sources */ = {isa = PBXBuildFile; fileRef = 29CFFB4E21F76F28007221A0 /* InvalidFormAppErrorTests.swift */; };
		29CFFB5121F76F2F007221A0 /* InvalidFormAppError.swift in Sources */ = {isa = PBXBuildFile; fileRef = 29CFFB5021F76F2F007221A0 /* InvalidFormAppError.swift */; };
		29CFFB5521F76FEE007221A0 /* Transformer.swift in Sources */ = {isa = PBXBuildFile; fileRef = 29CFFB5421F76FEE007221A0 /* Transformer.swift */; };
		29CFFB5721F7703A007221A0 /* Transformer+Rx.swift in Sources */ = {isa = PBXBuildFile; fileRef = 29CFFB5621F7703A007221A0 /* Transformer+Rx.swift */; };
		29CFFB5921F77112007221A0 /* AnyTransformer.swift in Sources */ = {isa = PBXBuildFile; fileRef = 29CFFB5821F77112007221A0 /* AnyTransformer.swift */; };
		29CFFB5B21F771BE007221A0 /* AnyTransformerTests.swift in Sources */ = {isa = PBXBuildFile; fileRef = 29CFFB5A21F771BE007221A0 /* AnyTransformerTests.swift */; };
		29CFFB5E21F772BF007221A0 /* DictionaryToUserTransformerMock.swift in Sources */ = {isa = PBXBuildFile; fileRef = 29CFFB5D21F772BF007221A0 /* DictionaryToUserTransformerMock.swift */; };
		29CFFB6121F7763E007221A0 /* EndpointToURLRequestTransformer.swift in Sources */ = {isa = PBXBuildFile; fileRef = 29CFFB6021F7763E007221A0 /* EndpointToURLRequestTransformer.swift */; };
		29CFFB6421F776F8007221A0 /* Deserializable.swift in Sources */ = {isa = PBXBuildFile; fileRef = 29CFFB6321F776F8007221A0 /* Deserializable.swift */; };
		29CFFB6721F77835007221A0 /* TestEntityMock.swift in Sources */ = {isa = PBXBuildFile; fileRef = 29CFFB6621F77835007221A0 /* TestEntityMock.swift */; };
		29EAB0B021FCA35300C9481E /* LoadingEventResponse.swift in Sources */ = {isa = PBXBuildFile; fileRef = 29EAB0AF21FCA35300C9481E /* LoadingEventResponse.swift */; };
		29EAB0B221FCA3C300C9481E /* AppEventResponse.swift in Sources */ = {isa = PBXBuildFile; fileRef = 29EAB0B121FCA3C300C9481E /* AppEventResponse.swift */; };
		29EAB0B421FCA9B600C9481E /* AppEventResponseTests.swift in Sources */ = {isa = PBXBuildFile; fileRef = 29EAB0B321FCA9B600C9481E /* AppEventResponseTests.swift */; };
		29EAB0B721FCAA3200C9481E /* ViewType.swift in Sources */ = {isa = PBXBuildFile; fileRef = 29EAB0B621FCAA3200C9481E /* ViewType.swift */; };
		29EAB0B921FCAE1E00C9481E /* AnyViewType.swift in Sources */ = {isa = PBXBuildFile; fileRef = 29EAB0B821FCAE1E00C9481E /* AnyViewType.swift */; };
		29EAB0BC21FCB41200C9481E /* AnyViewTypeTests.swift in Sources */ = {isa = PBXBuildFile; fileRef = 29EAB0BB21FCB41200C9481E /* AnyViewTypeTests.swift */; };
		29ED295421FDA56500732841 /* TestViewModelMock.swift in Sources */ = {isa = PBXBuildFile; fileRef = 29ED295321FDA56500732841 /* TestViewModelMock.swift */; };
		29ED295621FDA72800732841 /* TestViewTypeMock.swift in Sources */ = {isa = PBXBuildFile; fileRef = 29ED295521FDA72800732841 /* TestViewTypeMock.swift */; };
		29ED295921FDAE8500732841 /* Presenter.swift in Sources */ = {isa = PBXBuildFile; fileRef = 29ED295821FDAE8500732841 /* Presenter.swift */; };
		29ED295B21FDAEAD00732841 /* AnyPresenter.swift in Sources */ = {isa = PBXBuildFile; fileRef = 29ED295A21FDAEAD00732841 /* AnyPresenter.swift */; };
		29ED295E21FDAF3E00732841 /* TestPresenterMock.swift in Sources */ = {isa = PBXBuildFile; fileRef = 29ED295D21FDAF3E00732841 /* TestPresenterMock.swift */; };
		29ED296121FDB19D00732841 /* AnyPresenterTests.swift in Sources */ = {isa = PBXBuildFile; fileRef = 29ED296021FDB19D00732841 /* AnyPresenterTests.swift */; };
		29ED296421FDBD6E00732841 /* Router.swift in Sources */ = {isa = PBXBuildFile; fileRef = 29ED296321FDBD6E00732841 /* Router.swift */; };
		29ED296621FDBDB500732841 /* AnyRouter.swift in Sources */ = {isa = PBXBuildFile; fileRef = 29ED296521FDBDB500732841 /* AnyRouter.swift */; };
		29ED296A21FDBE7800732841 /* TestRouterMock.swift in Sources */ = {isa = PBXBuildFile; fileRef = 29ED296921FDBE7800732841 /* TestRouterMock.swift */; };
		29ED296C21FDC20200732841 /* AnyRouterTests.swift in Sources */ = {isa = PBXBuildFile; fileRef = 29ED296B21FDC20200732841 /* AnyRouterTests.swift */; };
		29ED297021FDC59800732841 /* FormError.swift in Sources */ = {isa = PBXBuildFile; fileRef = 29ED296F21FDC59800732841 /* FormError.swift */; };
		29ED297221FDC5C300732841 /* FormErrorCollection.swift in Sources */ = {isa = PBXBuildFile; fileRef = 29ED297121FDC5C300732841 /* FormErrorCollection.swift */; };
		29ED297521FDC5F500732841 /* Validator.swift in Sources */ = {isa = PBXBuildFile; fileRef = 29ED297421FDC5F500732841 /* Validator.swift */; };
		29ED297921FDC63D00732841 /* AnyValidator.swift in Sources */ = {isa = PBXBuildFile; fileRef = 29ED297821FDC63D00732841 /* AnyValidator.swift */; };
		29ED297B21FDC6BB00732841 /* IntValidatorTests.swift in Sources */ = {isa = PBXBuildFile; fileRef = 29ED297A21FDC6BB00732841 /* IntValidatorTests.swift */; };
		29ED297E21FDC74100732841 /* IntValueValidator.swift in Sources */ = {isa = PBXBuildFile; fileRef = 29ED297D21FDC74100732841 /* IntValueValidator.swift */; };
		29ED298021FDC95C00732841 /* TextFiledValueValidator.swift in Sources */ = {isa = PBXBuildFile; fileRef = 29ED297F21FDC95C00732841 /* TextFiledValueValidator.swift */; };
		29ED298221FDCB4F00732841 /* TextFiledValueValidatorTests.swift in Sources */ = {isa = PBXBuildFile; fileRef = 29ED298121FDCB4F00732841 /* TextFiledValueValidatorTests.swift */; };
		29ED298521FDCC3200732841 /* UIViewController+Rx.swift in Sources */ = {isa = PBXBuildFile; fileRef = 29ED298421FDCC3200732841 /* UIViewController+Rx.swift */; };
		29ED298821FDCD1000732841 /* InMemory.swift in Sources */ = {isa = PBXBuildFile; fileRef = 29ED298721FDCD1000732841 /* InMemory.swift */; };
		29ED298A21FDCDC000732841 /* AppInMemory.swift in Sources */ = {isa = PBXBuildFile; fileRef = 29ED298921FDCDC000732841 /* AppInMemory.swift */; };
		29ED298D21FDCE4300732841 /* AppInMemoryTests.swift in Sources */ = {isa = PBXBuildFile; fileRef = 29ED298C21FDCE4300732841 /* AppInMemoryTests.swift */; };
		F426E0F158CEC17C98CF0B58 /* AppLogger.swift in Sources */ = {isa = PBXBuildFile; fileRef = F426E3E3E8B27D14C4614EC7 /* AppLogger.swift */; };
		F426E26F5FC2A1FA16BE8CC7 /* Interceptor.swift in Sources */ = {isa = PBXBuildFile; fileRef = F426E42ACFB316866BE89AA0 /* Interceptor.swift */; };
		F426E4BB56D222A4A9B4E9A3 /* Logger.swift in Sources */ = {isa = PBXBuildFile; fileRef = F426E4D8511F106F6B96C329 /* Logger.swift */; };
		F426E76AD61D403A97B989FD /* AnyInterceptor.swift in Sources */ = {isa = PBXBuildFile; fileRef = F426EB980EB1E1C04FD2CE64 /* AnyInterceptor.swift */; };
		F426E8309DBD7E7D00735D66 /* LoggerInterceptor.swift in Sources */ = {isa = PBXBuildFile; fileRef = F426E56B8EAA8400032AB554 /* LoggerInterceptor.swift */; };
		F426E924EDDD5DFC003BF915 /* LoggerLevel.swift in Sources */ = {isa = PBXBuildFile; fileRef = F426E8FBCFEF20018642D0CC /* LoggerLevel.swift */; };
		F426EEF7E105D2A47164B21F /* InterceptorChain.swift in Sources */ = {isa = PBXBuildFile; fileRef = F426EF1979244F1B75A1A20D /* InterceptorChain.swift */; };
/* End PBXBuildFile section */

/* Begin PBXContainerItemProxy section */
		2911764C21F45FB000438367 /* PBXContainerItemProxy */ = {
			isa = PBXContainerItemProxy;
			containerPortal = 2911763821F45FAF00438367 /* Project object */;
			proxyType = 1;
			remoteGlobalIDString = 2911764021F45FAF00438367;
			remoteInfo = RxVipKit;
		};
/* End PBXContainerItemProxy section */

/* Begin PBXFileReference section */
		290D4A8D21F4BA8400F2F122 /* SwiftyBeaver.framework */ = {isa = PBXFileReference; lastKnownFileType = wrapper.framework; name = SwiftyBeaver.framework; path = Carthage/Build/iOS/SwiftyBeaver.framework; sourceTree = SOURCE_ROOT; };
		290D4A8E21F4BA8400F2F122 /* RxCocoa.framework */ = {isa = PBXFileReference; lastKnownFileType = wrapper.framework; name = RxCocoa.framework; path = Carthage/Build/iOS/RxCocoa.framework; sourceTree = SOURCE_ROOT; };
		290D4A8F21F4BA8400F2F122 /* RxSwift.framework */ = {isa = PBXFileReference; lastKnownFileType = wrapper.framework; name = RxSwift.framework; path = Carthage/Build/iOS/RxSwift.framework; sourceTree = SOURCE_ROOT; };
		290D4A9621F4BABB00F2F122 /* RxTest.framework */ = {isa = PBXFileReference; lastKnownFileType = wrapper.framework; name = RxTest.framework; path = Carthage/Build/iOS/RxTest.framework; sourceTree = SOURCE_ROOT; };
		290D4A9721F4BABB00F2F122 /* RxBlocking.framework */ = {isa = PBXFileReference; lastKnownFileType = wrapper.framework; name = RxBlocking.framework; path = Carthage/Build/iOS/RxBlocking.framework; sourceTree = SOURCE_ROOT; };
		290D4A9821F4BABB00F2F122 /* Swifter.framework */ = {isa = PBXFileReference; lastKnownFileType = wrapper.framework; name = Swifter.framework; path = Carthage/Build/iOS/Swifter.framework; sourceTree = SOURCE_ROOT; };
		290D4A9921F4BABB00F2F122 /* RxAtomic.framework */ = {isa = PBXFileReference; lastKnownFileType = wrapper.framework; name = RxAtomic.framework; path = Carthage/Build/iOS/RxAtomic.framework; sourceTree = SOURCE_ROOT; };
		290D4A9E21F4C4E400F2F122 /* Swinject.framework */ = {isa = PBXFileReference; lastKnownFileType = wrapper.framework; name = Swinject.framework; path = Carthage/Build/iOS/Swinject.framework; sourceTree = SOURCE_ROOT; };
		290D4AA221F4CCE200F2F122 /* LoggerInterceptorTests.swift */ = {isa = PBXFileReference; lastKnownFileType = sourcecode.swift; path = LoggerInterceptorTests.swift; sourceTree = "<group>"; };
		2911764121F45FAF00438367 /* RxVipKit.framework */ = {isa = PBXFileReference; explicitFileType = wrapper.framework; includeInIndex = 0; path = RxVipKit.framework; sourceTree = BUILT_PRODUCTS_DIR; };
		2911764421F45FAF00438367 /* RxVipKit.h */ = {isa = PBXFileReference; lastKnownFileType = sourcecode.c.h; path = RxVipKit.h; sourceTree = "<group>"; };
		2911764521F45FAF00438367 /* Info.plist */ = {isa = PBXFileReference; lastKnownFileType = text.plist.xml; path = Info.plist; sourceTree = "<group>"; };
		2911764A21F45FB000438367 /* RxVipKitTests.xctest */ = {isa = PBXFileReference; explicitFileType = wrapper.cfbundle; includeInIndex = 0; path = RxVipKitTests.xctest; sourceTree = BUILT_PRODUCTS_DIR; };
		2911765121F45FB000438367 /* Info.plist */ = {isa = PBXFileReference; lastKnownFileType = text.plist.xml; path = Info.plist; sourceTree = "<group>"; };
		29367C1321F4D92400C84F0D /* AnyInterceptorTest.swift */ = {isa = PBXFileReference; lastKnownFileType = sourcecode.swift; path = AnyInterceptorTest.swift; sourceTree = "<group>"; };
		29367C1521F4DA4500C84F0D /* InterceptorChainTests.swift */ = {isa = PBXFileReference; lastKnownFileType = sourcecode.swift; path = InterceptorChainTests.swift; sourceTree = "<group>"; };
		29367C1721F4DC5C00C84F0D /* LoggerDITests.swift */ = {isa = PBXFileReference; lastKnownFileType = sourcecode.swift; path = LoggerDITests.swift; sourceTree = "<group>"; };
		29367C1921F4DD2C00C84F0D /* InterceptorChainDiTests.swift */ = {isa = PBXFileReference; lastKnownFileType = sourcecode.swift; path = InterceptorChainDiTests.swift; sourceTree = "<group>"; };
		29367C1C21F4DF8F00C84F0D /* Translator.swift */ = {isa = PBXFileReference; lastKnownFileType = sourcecode.swift; path = Translator.swift; sourceTree = "<group>"; };
		29367C1E21F4DFA000C84F0D /* NSLocalizedTranslator.swift */ = {isa = PBXFileReference; lastKnownFileType = sourcecode.swift; path = NSLocalizedTranslator.swift; sourceTree = "<group>"; };
		29367C2121F4E39800C84F0D /* NSLocalizedTranslatorTests.swift */ = {isa = PBXFileReference; lastKnownFileType = sourcecode.swift; path = NSLocalizedTranslatorTests.swift; sourceTree = "<group>"; };
		29367C2421F4E4AC00C84F0D /* Endpoint.swift */ = {isa = PBXFileReference; lastKnownFileType = sourcecode.swift; path = Endpoint.swift; sourceTree = "<group>"; };
		29367C2721F4E4C300C84F0D /* EndpointMock.swift */ = {isa = PBXFileReference; lastKnownFileType = sourcecode.swift; path = EndpointMock.swift; sourceTree = "<group>"; };
		29367C2A21F4E52000C84F0D /* HttpMethod.swift */ = {isa = PBXFileReference; lastKnownFileType = sourcecode.swift; path = HttpMethod.swift; sourceTree = "<group>"; };
		29367C2D21F4E6FB00C84F0D /* RepositoryParameter.swift */ = {isa = PBXFileReference; lastKnownFileType = sourcecode.swift; path = RepositoryParameter.swift; sourceTree = "<group>"; };
		29367C3021F4E72200C84F0D /* RepositoryParameterMock.swift */ = {isa = PBXFileReference; lastKnownFileType = sourcecode.swift; path = RepositoryParameterMock.swift; sourceTree = "<group>"; };
		29367C3221F4E9D300C84F0D /* EndpointTests.swift */ = {isa = PBXFileReference; lastKnownFileType = sourcecode.swift; path = EndpointTests.swift; sourceTree = "<group>"; };
		293F637921F897A300A8F4FF /* DeserializableTests.swift */ = {isa = PBXFileReference; lastKnownFileType = sourcecode.swift; path = DeserializableTests.swift; sourceTree = "<group>"; };
		293F637B21F897F000A8F4FF /* Transformer+RxTests.swift */ = {isa = PBXFileReference; lastKnownFileType = sourcecode.swift; path = "Transformer+RxTests.swift"; sourceTree = "<group>"; };
		293F637E21F89B6600A8F4FF /* EndpointToURLRequestTransformerTests.swift */ = {isa = PBXFileReference; lastKnownFileType = sourcecode.swift; path = EndpointToURLRequestTransformerTests.swift; sourceTree = "<group>"; };
		293F638121F89C5B00A8F4FF /* StubServer.swift */ = {isa = PBXFileReference; lastKnownFileType = sourcecode.swift; path = StubServer.swift; sourceTree = "<group>"; };
		293F638321F8A7A700A8F4FF /* EndpointFailMock.swift */ = {isa = PBXFileReference; lastKnownFileType = sourcecode.swift; path = EndpointFailMock.swift; sourceTree = "<group>"; };
		293F638521F8A9F300A8F4FF /* EndPointFullDataMock.swift */ = {isa = PBXFileReference; lastKnownFileType = sourcecode.swift; path = EndPointFullDataMock.swift; sourceTree = "<group>"; };
		293F638721F8AD0800A8F4FF /* RespositoryParameterFullDataMock.swift */ = {isa = PBXFileReference; lastKnownFileType = sourcecode.swift; path = RespositoryParameterFullDataMock.swift; sourceTree = "<group>"; };
		293F638D21F8B4CC00A8F4FF /* EndpointFailMock2.swift */ = {isa = PBXFileReference; lastKnownFileType = sourcecode.swift; path = EndpointFailMock2.swift; sourceTree = "<group>"; };
		2958A02721FDE09B000ADF1E /* AppContainer.swift */ = {isa = PBXFileReference; lastKnownFileType = sourcecode.swift; path = AppContainer.swift; sourceTree = "<group>"; };
		2971FC6C21FAEFED00988B10 /* AppHTTPClientTyoeTests.swift */ = {isa = PBXFileReference; lastKnownFileType = sourcecode.swift; path = AppHTTPClientTyoeTests.swift; sourceTree = "<group>"; };
		2971FC6E21FAFCC300988B10 /* RepositoryTestMock.swift */ = {isa = PBXFileReference; lastKnownFileType = sourcecode.swift; path = RepositoryTestMock.swift; sourceTree = "<group>"; };
		2971FC7021FAFD4E00988B10 /* Repository.swift */ = {isa = PBXFileReference; lastKnownFileType = sourcecode.swift; path = Repository.swift; sourceTree = "<group>"; };
		2971FC7221FAFF3700988B10 /* RepositoryTests.swift */ = {isa = PBXFileReference; lastKnownFileType = sourcecode.swift; path = RepositoryTests.swift; sourceTree = "<group>"; };
		2971FC7621FB003B00988B10 /* AnyRespository.swift */ = {isa = PBXFileReference; lastKnownFileType = sourcecode.swift; path = AnyRespository.swift; sourceTree = "<group>"; };
		2971FC7821FC372400988B10 /* EndpointNoContentMock.swift */ = {isa = PBXFileReference; lastKnownFileType = sourcecode.swift; path = EndpointNoContentMock.swift; sourceTree = "<group>"; };
		2971FC8321FC9D7A00988B10 /* EventResponse.swift */ = {isa = PBXFileReference; lastKnownFileType = sourcecode.swift; path = EventResponse.swift; sourceTree = "<group>"; };
		2971FC8521FC9DB400988B10 /* EventResponseCode.swift */ = {isa = PBXFileReference; lastKnownFileType = sourcecode.swift; path = EventResponseCode.swift; sourceTree = "<group>"; };
		2971FC8721FC9E7F00988B10 /* ViewState.swift */ = {isa = PBXFileReference; lastKnownFileType = sourcecode.swift; path = ViewState.swift; sourceTree = "<group>"; };
		2971FC8A21FC9ED200988B10 /* LoadingEventResponseTests.swift */ = {isa = PBXFileReference; lastKnownFileType = sourcecode.swift; path = LoadingEventResponseTests.swift; sourceTree = "<group>"; };
		2971FC8F21FC9FEF00988B10 /* EventResponseMock.swift */ = {isa = PBXFileReference; lastKnownFileType = sourcecode.swift; path = EventResponseMock.swift; sourceTree = "<group>"; };
		298B680021F9E4C8003E0CBB /* HTTPErrorHandler.swift */ = {isa = PBXFileReference; lastKnownFileType = sourcecode.swift; path = HTTPErrorHandler.swift; sourceTree = "<group>"; };
		298B680321F9E569003E0CBB /* Response.swift */ = {isa = PBXFileReference; lastKnownFileType = sourcecode.swift; path = Response.swift; sourceTree = "<group>"; };
		298B680521F9E5AE003E0CBB /* HTTPStatusCode.swift */ = {isa = PBXFileReference; lastKnownFileType = sourcecode.swift; path = HTTPStatusCode.swift; sourceTree = "<group>"; };
		298B680721F9E686003E0CBB /* AppResponse.swift */ = {isa = PBXFileReference; lastKnownFileType = sourcecode.swift; path = AppResponse.swift; sourceTree = "<group>"; };
		298B680B21F9E99A003E0CBB /* ResponseTests.swift */ = {isa = PBXFileReference; lastKnownFileType = sourcecode.swift; path = ResponseTests.swift; sourceTree = "<group>"; };
		298B681221F9F434003E0CBB /* AppErrorHandlerMock.swift */ = {isa = PBXFileReference; lastKnownFileType = sourcecode.swift; path = AppErrorHandlerMock.swift; sourceTree = "<group>"; };
		298B681521F9F4D5003E0CBB /* NetworkActivity.swift */ = {isa = PBXFileReference; lastKnownFileType = sourcecode.swift; path = NetworkActivity.swift; sourceTree = "<group>"; };
		298B681E21FA0AFC003E0CBB /* NetworkAdapter.swift */ = {isa = PBXFileReference; lastKnownFileType = sourcecode.swift; path = NetworkAdapter.swift; sourceTree = "<group>"; };
		298B682021FA0B33003E0CBB /* URLSessionNetworkAdapter.swift */ = {isa = PBXFileReference; lastKnownFileType = sourcecode.swift; path = URLSessionNetworkAdapter.swift; sourceTree = "<group>"; };
		298B682321FA0B68003E0CBB /* NetworkActivityMock.swift */ = {isa = PBXFileReference; lastKnownFileType = sourcecode.swift; path = NetworkActivityMock.swift; sourceTree = "<group>"; };
		298B682621FA0E3B003E0CBB /* URLSessionNetworkAdapterTests.swift */ = {isa = PBXFileReference; lastKnownFileType = sourcecode.swift; path = URLSessionNetworkAdapterTests.swift; sourceTree = "<group>"; };
		298B683321FA1EAC003E0CBB /* HTTPClientType.swift */ = {isa = PBXFileReference; lastKnownFileType = sourcecode.swift; path = HTTPClientType.swift; sourceTree = "<group>"; };
		298B683521FA1EFE003E0CBB /* Result.swift */ = {isa = PBXFileReference; lastKnownFileType = sourcecode.swift; path = Result.swift; sourceTree = "<group>"; };
		298B683721FA1F32003E0CBB /* AppHTTPClientType.swift */ = {isa = PBXFileReference; lastKnownFileType = sourcecode.swift; path = AppHTTPClientType.swift; sourceTree = "<group>"; };
		29CFFB1D21F75600007221A0 /* EventParameterKey.swift */ = {isa = PBXFileReference; lastKnownFileType = sourcecode.swift; path = EventParameterKey.swift; sourceTree = "<group>"; };
		29CFFB1F21F75856007221A0 /* Interactor.swift */ = {isa = PBXFileReference; lastKnownFileType = sourcecode.swift; path = Interactor.swift; sourceTree = "<group>"; };
		29CFFB2221F7588B007221A0 /* EventRequest.swift */ = {isa = PBXFileReference; lastKnownFileType = sourcecode.swift; path = EventRequest.swift; sourceTree = "<group>"; };
		29CFFB2421F758C5007221A0 /* AppAction.swift */ = {isa = PBXFileReference; lastKnownFileType = sourcecode.swift; path = AppAction.swift; sourceTree = "<group>"; };
		29CFFB2721F75A7D007221A0 /* EventRequestTests.swift */ = {isa = PBXFileReference; lastKnownFileType = sourcecode.swift; path = EventRequestTests.swift; sourceTree = "<group>"; };
		29CFFB2A21F7662E007221A0 /* AppError.swift */ = {isa = PBXFileReference; lastKnownFileType = sourcecode.swift; path = AppError.swift; sourceTree = "<group>"; };
		29CFFB2E21F766A2007221A0 /* DeserializationAppError.swift */ = {isa = PBXFileReference; lastKnownFileType = sourcecode.swift; path = DeserializationAppError.swift; sourceTree = "<group>"; };
		29CFFB3021F767B4007221A0 /* DeserializationAppErrorTests.swift */ = {isa = PBXFileReference; lastKnownFileType = sourcecode.swift; path = DeserializationAppErrorTests.swift; sourceTree = "<group>"; };
		29CFFB3221F76990007221A0 /* ExpectsContentAppError.swift */ = {isa = PBXFileReference; lastKnownFileType = sourcecode.swift; path = ExpectsContentAppError.swift; sourceTree = "<group>"; };
		29CFFB3421F76B44007221A0 /* ExpectsContentAppErrorTests.swift */ = {isa = PBXFileReference; lastKnownFileType = sourcecode.swift; path = ExpectsContentAppErrorTests.swift; sourceTree = "<group>"; };
		29CFFB3621F76BA3007221A0 /* MalformedURLAppError.swift */ = {isa = PBXFileReference; lastKnownFileType = sourcecode.swift; path = MalformedURLAppError.swift; sourceTree = "<group>"; };
		29CFFB3821F76BD9007221A0 /* MalformedURLAppErrorTests.swift */ = {isa = PBXFileReference; lastKnownFileType = sourcecode.swift; path = MalformedURLAppErrorTests.swift; sourceTree = "<group>"; };
		29CFFB3A21F76C09007221A0 /* NetworkAppError.swift */ = {isa = PBXFileReference; lastKnownFileType = sourcecode.swift; path = NetworkAppError.swift; sourceTree = "<group>"; };
		29CFFB3C21F76C56007221A0 /* NetworkAppErrorTests.swift */ = {isa = PBXFileReference; lastKnownFileType = sourcecode.swift; path = NetworkAppErrorTests.swift; sourceTree = "<group>"; };
		29CFFB3E21F76CAD007221A0 /* ParameterTypeAppErrorTests.swift */ = {isa = PBXFileReference; lastKnownFileType = sourcecode.swift; path = ParameterTypeAppErrorTests.swift; sourceTree = "<group>"; };
		29CFFB4021F76CDA007221A0 /* ParameterTypeAppError.swift */ = {isa = PBXFileReference; lastKnownFileType = sourcecode.swift; path = ParameterTypeAppError.swift; sourceTree = "<group>"; };
		29CFFB4221F76D94007221A0 /* SerializationAppError.swift */ = {isa = PBXFileReference; lastKnownFileType = sourcecode.swift; path = SerializationAppError.swift; sourceTree = "<group>"; };
		29CFFB4421F76D9A007221A0 /* SerializationAppErrorTests.swift */ = {isa = PBXFileReference; lastKnownFileType = sourcecode.swift; path = SerializationAppErrorTests.swift; sourceTree = "<group>"; };
		29CFFB4621F76E05007221A0 /* NoRequestParameterAppError.swift */ = {isa = PBXFileReference; lastKnownFileType = sourcecode.swift; path = NoRequestParameterAppError.swift; sourceTree = "<group>"; };
		29CFFB4821F76E25007221A0 /* NoRequestParameterAppErrorTests.swift */ = {isa = PBXFileReference; lastKnownFileType = sourcecode.swift; path = NoRequestParameterAppErrorTests.swift; sourceTree = "<group>"; };
		29CFFB4A21F76E65007221A0 /* DefaultAppError.swift */ = {isa = PBXFileReference; lastKnownFileType = sourcecode.swift; path = DefaultAppError.swift; sourceTree = "<group>"; };
		29CFFB4C21F76EB9007221A0 /* DefaultAppErrorTests.swift */ = {isa = PBXFileReference; lastKnownFileType = sourcecode.swift; path = DefaultAppErrorTests.swift; sourceTree = "<group>"; };
		29CFFB4E21F76F28007221A0 /* InvalidFormAppErrorTests.swift */ = {isa = PBXFileReference; lastKnownFileType = sourcecode.swift; path = InvalidFormAppErrorTests.swift; sourceTree = "<group>"; };
		29CFFB5021F76F2F007221A0 /* InvalidFormAppError.swift */ = {isa = PBXFileReference; lastKnownFileType = sourcecode.swift; path = InvalidFormAppError.swift; sourceTree = "<group>"; };
		29CFFB5421F76FEE007221A0 /* Transformer.swift */ = {isa = PBXFileReference; lastKnownFileType = sourcecode.swift; path = Transformer.swift; sourceTree = "<group>"; };
		29CFFB5621F7703A007221A0 /* Transformer+Rx.swift */ = {isa = PBXFileReference; lastKnownFileType = sourcecode.swift; path = "Transformer+Rx.swift"; sourceTree = "<group>"; };
		29CFFB5821F77112007221A0 /* AnyTransformer.swift */ = {isa = PBXFileReference; lastKnownFileType = sourcecode.swift; path = AnyTransformer.swift; sourceTree = "<group>"; };
		29CFFB5A21F771BE007221A0 /* AnyTransformerTests.swift */ = {isa = PBXFileReference; lastKnownFileType = sourcecode.swift; path = AnyTransformerTests.swift; sourceTree = "<group>"; };
		29CFFB5D21F772BF007221A0 /* DictionaryToUserTransformerMock.swift */ = {isa = PBXFileReference; lastKnownFileType = sourcecode.swift; path = DictionaryToUserTransformerMock.swift; sourceTree = "<group>"; };
		29CFFB6021F7763E007221A0 /* EndpointToURLRequestTransformer.swift */ = {isa = PBXFileReference; lastKnownFileType = sourcecode.swift; path = EndpointToURLRequestTransformer.swift; sourceTree = "<group>"; };
		29CFFB6321F776F8007221A0 /* Deserializable.swift */ = {isa = PBXFileReference; lastKnownFileType = sourcecode.swift; path = Deserializable.swift; sourceTree = "<group>"; };
		29CFFB6621F77835007221A0 /* TestEntityMock.swift */ = {isa = PBXFileReference; lastKnownFileType = sourcecode.swift; path = TestEntityMock.swift; sourceTree = "<group>"; };
		29EAB0AF21FCA35300C9481E /* LoadingEventResponse.swift */ = {isa = PBXFileReference; lastKnownFileType = sourcecode.swift; path = LoadingEventResponse.swift; sourceTree = "<group>"; };
		29EAB0B121FCA3C300C9481E /* AppEventResponse.swift */ = {isa = PBXFileReference; lastKnownFileType = sourcecode.swift; path = AppEventResponse.swift; sourceTree = "<group>"; };
		29EAB0B321FCA9B600C9481E /* AppEventResponseTests.swift */ = {isa = PBXFileReference; lastKnownFileType = sourcecode.swift; path = AppEventResponseTests.swift; sourceTree = "<group>"; };
		29EAB0B621FCAA3200C9481E /* ViewType.swift */ = {isa = PBXFileReference; lastKnownFileType = sourcecode.swift; path = ViewType.swift; sourceTree = "<group>"; };
		29EAB0B821FCAE1E00C9481E /* AnyViewType.swift */ = {isa = PBXFileReference; lastKnownFileType = sourcecode.swift; path = AnyViewType.swift; sourceTree = "<group>"; };
		29EAB0BB21FCB41200C9481E /* AnyViewTypeTests.swift */ = {isa = PBXFileReference; lastKnownFileType = sourcecode.swift; path = AnyViewTypeTests.swift; sourceTree = "<group>"; };
		29ED295321FDA56500732841 /* TestViewModelMock.swift */ = {isa = PBXFileReference; lastKnownFileType = sourcecode.swift; path = TestViewModelMock.swift; sourceTree = "<group>"; };
		29ED295521FDA72800732841 /* TestViewTypeMock.swift */ = {isa = PBXFileReference; lastKnownFileType = sourcecode.swift; path = TestViewTypeMock.swift; sourceTree = "<group>"; };
		29ED295821FDAE8500732841 /* Presenter.swift */ = {isa = PBXFileReference; lastKnownFileType = sourcecode.swift; path = Presenter.swift; sourceTree = "<group>"; };
		29ED295A21FDAEAD00732841 /* AnyPresenter.swift */ = {isa = PBXFileReference; lastKnownFileType = sourcecode.swift; path = AnyPresenter.swift; sourceTree = "<group>"; };
		29ED295D21FDAF3E00732841 /* TestPresenterMock.swift */ = {isa = PBXFileReference; lastKnownFileType = sourcecode.swift; path = TestPresenterMock.swift; sourceTree = "<group>"; };
		29ED296021FDB19D00732841 /* AnyPresenterTests.swift */ = {isa = PBXFileReference; lastKnownFileType = sourcecode.swift; path = AnyPresenterTests.swift; sourceTree = "<group>"; };
		29ED296321FDBD6E00732841 /* Router.swift */ = {isa = PBXFileReference; lastKnownFileType = sourcecode.swift; path = Router.swift; sourceTree = "<group>"; };
		29ED296521FDBDB500732841 /* AnyRouter.swift */ = {isa = PBXFileReference; lastKnownFileType = sourcecode.swift; path = AnyRouter.swift; sourceTree = "<group>"; };
		29ED296921FDBE7800732841 /* TestRouterMock.swift */ = {isa = PBXFileReference; lastKnownFileType = sourcecode.swift; path = TestRouterMock.swift; sourceTree = "<group>"; };
		29ED296B21FDC20200732841 /* AnyRouterTests.swift */ = {isa = PBXFileReference; lastKnownFileType = sourcecode.swift; path = AnyRouterTests.swift; sourceTree = "<group>"; };
		29ED296F21FDC59800732841 /* FormError.swift */ = {isa = PBXFileReference; lastKnownFileType = sourcecode.swift; path = FormError.swift; sourceTree = "<group>"; };
		29ED297121FDC5C300732841 /* FormErrorCollection.swift */ = {isa = PBXFileReference; lastKnownFileType = sourcecode.swift; path = FormErrorCollection.swift; sourceTree = "<group>"; };
		29ED297421FDC5F500732841 /* Validator.swift */ = {isa = PBXFileReference; lastKnownFileType = sourcecode.swift; path = Validator.swift; sourceTree = "<group>"; };
		29ED297821FDC63D00732841 /* AnyValidator.swift */ = {isa = PBXFileReference; lastKnownFileType = sourcecode.swift; path = AnyValidator.swift; sourceTree = "<group>"; };
		29ED297A21FDC6BB00732841 /* IntValidatorTests.swift */ = {isa = PBXFileReference; lastKnownFileType = sourcecode.swift; path = IntValidatorTests.swift; sourceTree = "<group>"; };
		29ED297D21FDC74100732841 /* IntValueValidator.swift */ = {isa = PBXFileReference; lastKnownFileType = sourcecode.swift; path = IntValueValidator.swift; sourceTree = "<group>"; };
		29ED297F21FDC95C00732841 /* TextFiledValueValidator.swift */ = {isa = PBXFileReference; lastKnownFileType = sourcecode.swift; path = TextFiledValueValidator.swift; sourceTree = "<group>"; };
		29ED298121FDCB4F00732841 /* TextFiledValueValidatorTests.swift */ = {isa = PBXFileReference; lastKnownFileType = sourcecode.swift; path = TextFiledValueValidatorTests.swift; sourceTree = "<group>"; };
		29ED298421FDCC3200732841 /* UIViewController+Rx.swift */ = {isa = PBXFileReference; lastKnownFileType = sourcecode.swift; path = "UIViewController+Rx.swift"; sourceTree = "<group>"; };
		29ED298721FDCD1000732841 /* InMemory.swift */ = {isa = PBXFileReference; lastKnownFileType = sourcecode.swift; path = InMemory.swift; sourceTree = "<group>"; };
		29ED298921FDCDC000732841 /* AppInMemory.swift */ = {isa = PBXFileReference; lastKnownFileType = sourcecode.swift; path = AppInMemory.swift; sourceTree = "<group>"; };
		29ED298C21FDCE4300732841 /* AppInMemoryTests.swift */ = {isa = PBXFileReference; lastKnownFileType = sourcecode.swift; path = AppInMemoryTests.swift; sourceTree = "<group>"; };
		F426E3E3E8B27D14C4614EC7 /* AppLogger.swift */ = {isa = PBXFileReference; fileEncoding = 4; lastKnownFileType = sourcecode.swift; path = AppLogger.swift; sourceTree = "<group>"; };
		F426E42ACFB316866BE89AA0 /* Interceptor.swift */ = {isa = PBXFileReference; fileEncoding = 4; lastKnownFileType = sourcecode.swift; path = Interceptor.swift; sourceTree = "<group>"; };
		F426E48FE2C88B78CD6EA9BC /* AppLoggerTests.swift */ = {isa = PBXFileReference; fileEncoding = 4; lastKnownFileType = sourcecode.swift; path = AppLoggerTests.swift; sourceTree = "<group>"; };
		F426E4D8511F106F6B96C329 /* Logger.swift */ = {isa = PBXFileReference; fileEncoding = 4; lastKnownFileType = sourcecode.swift; path = Logger.swift; sourceTree = "<group>"; };
		F426E56B8EAA8400032AB554 /* LoggerInterceptor.swift */ = {isa = PBXFileReference; fileEncoding = 4; lastKnownFileType = sourcecode.swift; path = LoggerInterceptor.swift; sourceTree = "<group>"; };
		F426E8FBCFEF20018642D0CC /* LoggerLevel.swift */ = {isa = PBXFileReference; fileEncoding = 4; lastKnownFileType = sourcecode.swift; path = LoggerLevel.swift; sourceTree = "<group>"; };
		F426EB980EB1E1C04FD2CE64 /* AnyInterceptor.swift */ = {isa = PBXFileReference; fileEncoding = 4; lastKnownFileType = sourcecode.swift; path = AnyInterceptor.swift; sourceTree = "<group>"; };
		F426EF1979244F1B75A1A20D /* InterceptorChain.swift */ = {isa = PBXFileReference; fileEncoding = 4; lastKnownFileType = sourcecode.swift; path = InterceptorChain.swift; sourceTree = "<group>"; };
/* End PBXFileReference section */

/* Begin PBXFrameworksBuildPhase section */
		2911763E21F45FAF00438367 /* Frameworks */ = {
			isa = PBXFrameworksBuildPhase;
			buildActionMask = 2147483647;
			files = (
				290D4A9F21F4C4E400F2F122 /* Swinject.framework in Frameworks */,
				290D4A9021F4BA8400F2F122 /* SwiftyBeaver.framework in Frameworks */,
				290D4A9121F4BA8400F2F122 /* RxCocoa.framework in Frameworks */,
				290D4A9221F4BA8400F2F122 /* RxSwift.framework in Frameworks */,
			);
			runOnlyForDeploymentPostprocessing = 0;
		};
		2911764721F45FB000438367 /* Frameworks */ = {
			isa = PBXFrameworksBuildPhase;
			buildActionMask = 2147483647;
			files = (
				290D4AA121F4C7F800F2F122 /* Swinject.framework in Frameworks */,
				290D4A9A21F4BABB00F2F122 /* RxTest.framework in Frameworks */,
				290D4A9B21F4BABB00F2F122 /* RxBlocking.framework in Frameworks */,
				290D4A9C21F4BABB00F2F122 /* Swifter.framework in Frameworks */,
				290D4A9D21F4BABB00F2F122 /* RxAtomic.framework in Frameworks */,
				290D4A9321F4BABA00F2F122 /* RxCocoa.framework in Frameworks */,
				290D4A9421F4BABA00F2F122 /* RxSwift.framework in Frameworks */,
				290D4A9521F4BABA00F2F122 /* SwiftyBeaver.framework in Frameworks */,
				2911764B21F45FB000438367 /* RxVipKit.framework in Frameworks */,
			);
			runOnlyForDeploymentPostprocessing = 0;
		};
/* End PBXFrameworksBuildPhase section */

/* Begin PBXGroup section */
		290D4A8C21F4BA3B00F2F122 /* Frameworks */ = {
			isa = PBXGroup;
			children = (
				290D4A9E21F4C4E400F2F122 /* Swinject.framework */,
				290D4A9921F4BABB00F2F122 /* RxAtomic.framework */,
				290D4A9721F4BABB00F2F122 /* RxBlocking.framework */,
				290D4A9621F4BABB00F2F122 /* RxTest.framework */,
				290D4A9821F4BABB00F2F122 /* Swifter.framework */,
				290D4A8E21F4BA8400F2F122 /* RxCocoa.framework */,
				290D4A8F21F4BA8400F2F122 /* RxSwift.framework */,
				290D4A8D21F4BA8400F2F122 /* SwiftyBeaver.framework */,
			);
			path = Frameworks;
			sourceTree = "<group>";
		};
		2911763721F45FAF00438367 = {
			isa = PBXGroup;
			children = (
				290D4A8C21F4BA3B00F2F122 /* Frameworks */,
				2911764221F45FAF00438367 /* Products */,
				2911764321F45FAF00438367 /* RxVipKit */,
				2911764E21F45FB000438367 /* RxVipKitTests */,
			);
			sourceTree = "<group>";
		};
		2911764221F45FAF00438367 /* Products */ = {
			isa = PBXGroup;
			children = (
				2911764121F45FAF00438367 /* RxVipKit.framework */,
				2911764A21F45FB000438367 /* RxVipKitTests.xctest */,
			);
			name = Products;
			sourceTree = "<group>";
		};
		2911764321F45FAF00438367 /* RxVipKit */ = {
			isa = PBXGroup;
			children = (
				2911764421F45FAF00438367 /* RxVipKit.h */,
				2911764521F45FAF00438367 /* Info.plist */,
				2911765B21F45FC300438367 /* Foundation */,
			);
			path = RxVipKit;
			sourceTree = "<group>";
		};
		2911764E21F45FB000438367 /* RxVipKitTests */ = {
			isa = PBXGroup;
			children = (
				2911765121F45FB000438367 /* Info.plist */,
				F426ECBDA0278377F0755F99 /* Foundation */,
			);
			path = RxVipKitTests;
			sourceTree = "<group>";
		};
		2911765B21F45FC300438367 /* Foundation */ = {
			isa = PBXGroup;
			children = (
				2958A02621FDE089000ADF1E /* DependencyInjection */,
				29ED296D21FDC54D00732841 /* Utils */,
				29CFFB6221F776E0007221A0 /* Parser */,
				29CFFB2921F76610007221A0 /* AppError */,
				29CFFB1C21F755E7007221A0 /* Core */,
				29367C2321F4E49E00C84F0D /* Endpoint */,
				F426EEDFC69026CA4FB62C99 /* Interceptor */,
				F426E1BD41DD2AE58350632B /* Logger */,
				29367C2921F4E4F600C84F0D /* Network */,
				29367C2C21F4E6EB00C84F0D /* Repository */,
				29CFFB5221F76FA5007221A0 /* Transformer */,
				29367C1B21F4DF7E00C84F0D /* Translator */,
			);
			path = Foundation;
			sourceTree = "<group>";
		};
		29367C1221F4D90C00C84F0D /* Interceptor */ = {
			isa = PBXGroup;
			children = (
				29367C1321F4D92400C84F0D /* AnyInterceptorTest.swift */,
				29367C1521F4DA4500C84F0D /* InterceptorChainTests.swift */,
				29367C1921F4DD2C00C84F0D /* InterceptorChainDiTests.swift */,
			);
			path = Interceptor;
			sourceTree = "<group>";
		};
		29367C1B21F4DF7E00C84F0D /* Translator */ = {
			isa = PBXGroup;
			children = (
				29367C1C21F4DF8F00C84F0D /* Translator.swift */,
				29367C1E21F4DFA000C84F0D /* NSLocalizedTranslator.swift */,
			);
			path = Translator;
			sourceTree = "<group>";
		};
		29367C2021F4E38600C84F0D /* Translator */ = {
			isa = PBXGroup;
			children = (
				29367C2121F4E39800C84F0D /* NSLocalizedTranslatorTests.swift */,
			);
			path = Translator;
			sourceTree = "<group>";
		};
		29367C2321F4E49E00C84F0D /* Endpoint */ = {
			isa = PBXGroup;
			children = (
				29367C2421F4E4AC00C84F0D /* Endpoint.swift */,
			);
			path = Endpoint;
			sourceTree = "<group>";
		};
		29367C2621F4E4BA00C84F0D /* Endpoint */ = {
			isa = PBXGroup;
			children = (
				293F638921F8AD3E00A8F4FF /* Mock */,
				29367C3221F4E9D300C84F0D /* EndpointTests.swift */,
			);
			path = Endpoint;
			sourceTree = "<group>";
		};
		29367C2921F4E4F600C84F0D /* Network */ = {
			isa = PBXGroup;
			children = (
				298B683221FA1E9E003E0CBB /* HTTPClientType */,
				298B681D21FA0AE9003E0CBB /* NetworkAdapter */,
				298B681421F9F4C2003E0CBB /* NetworkActivity */,
				298B680D21F9F394003E0CBB /* HTTPErrorHandler */,
				298B680221F9E558003E0CBB /* Response */,
				29367C2A21F4E52000C84F0D /* HttpMethod.swift */,
			);
			path = Network;
			sourceTree = "<group>";
		};
		29367C2C21F4E6EB00C84F0D /* Repository */ = {
			isa = PBXGroup;
			children = (
				29367C2D21F4E6FB00C84F0D /* RepositoryParameter.swift */,
				2971FC7021FAFD4E00988B10 /* Repository.swift */,
				2971FC7621FB003B00988B10 /* AnyRespository.swift */,
				298B683521FA1EFE003E0CBB /* Result.swift */,
			);
			path = Repository;
			sourceTree = "<group>";
		};
		29367C2F21F4E71900C84F0D /* Repository */ = {
			isa = PBXGroup;
			children = (
				293F638A21F8AD5000A8F4FF /* Mock */,
				2971FC7221FAFF3700988B10 /* RepositoryTests.swift */,
			);
			path = Repository;
			sourceTree = "<group>";
		};
		293F637821F8979500A8F4FF /* Parser */ = {
			isa = PBXGroup;
			children = (
				293F637921F897A300A8F4FF /* DeserializableTests.swift */,
			);
			path = Parser;
			sourceTree = "<group>";
		};
		293F637D21F89B5A00A8F4FF /* Implementation */ = {
			isa = PBXGroup;
			children = (
				293F638C21F8AD7700A8F4FF /* Mock */,
				293F637E21F89B6600A8F4FF /* EndpointToURLRequestTransformerTests.swift */,
			);
			path = Implementation;
			sourceTree = "<group>";
		};
		293F638021F89C4500A8F4FF /* Stub */ = {
			isa = PBXGroup;
			children = (
				293F638121F89C5B00A8F4FF /* StubServer.swift */,
			);
			path = Stub;
			sourceTree = "<group>";
		};
		293F638921F8AD3E00A8F4FF /* Mock */ = {
			isa = PBXGroup;
			children = (
				29367C2721F4E4C300C84F0D /* EndpointMock.swift */,
				293F638521F8A9F300A8F4FF /* EndPointFullDataMock.swift */,
				293F638321F8A7A700A8F4FF /* EndpointFailMock.swift */,
				293F638D21F8B4CC00A8F4FF /* EndpointFailMock2.swift */,
				2971FC7821FC372400988B10 /* EndpointNoContentMock.swift */,
			);
			path = Mock;
			sourceTree = "<group>";
		};
		293F638A21F8AD5000A8F4FF /* Mock */ = {
			isa = PBXGroup;
			children = (
				29CFFB6621F77835007221A0 /* TestEntityMock.swift */,
				29367C3021F4E72200C84F0D /* RepositoryParameterMock.swift */,
				293F638721F8AD0800A8F4FF /* RespositoryParameterFullDataMock.swift */,
				2971FC6E21FAFCC300988B10 /* RepositoryTestMock.swift */,
			);
			path = Mock;
			sourceTree = "<group>";
		};
		293F638C21F8AD7700A8F4FF /* Mock */ = {
			isa = PBXGroup;
			children = (
				29CFFB5D21F772BF007221A0 /* DictionaryToUserTransformerMock.swift */,
			);
			path = Mock;
			sourceTree = "<group>";
		};
		2958A02621FDE089000ADF1E /* DependencyInjection */ = {
			isa = PBXGroup;
			children = (
				2958A02721FDE09B000ADF1E /* AppContainer.swift */,
			);
			path = DependencyInjection;
			sourceTree = "<group>";
		};
		2971FC6B21FAEF4E00988B10 /* HTTPClientType */ = {
			isa = PBXGroup;
			children = (
				2971FC6C21FAEFED00988B10 /* AppHTTPClientTyoeTests.swift */,
			);
			path = HTTPClientType;
			sourceTree = "<group>";
		};
		2971FC8221FC9D6A00988B10 /* EventResponse */ = {
			isa = PBXGroup;
			children = (
				2971FC8321FC9D7A00988B10 /* EventResponse.swift */,
				2971FC8521FC9DB400988B10 /* EventResponseCode.swift */,
				29EAB0AF21FCA35300C9481E /* LoadingEventResponse.swift */,
				29EAB0B121FCA3C300C9481E /* AppEventResponse.swift */,
			);
			path = EventResponse;
			sourceTree = "<group>";
		};
		2971FC8921FC9EC400988B10 /* EventResponse */ = {
			isa = PBXGroup;
			children = (
				2971FC8E21FC9FE300988B10 /* Mock */,
				2971FC8A21FC9ED200988B10 /* LoadingEventResponseTests.swift */,
				29EAB0B321FCA9B600C9481E /* AppEventResponseTests.swift */,
			);
			path = EventResponse;
			sourceTree = "<group>";
		};
		2971FC8E21FC9FE300988B10 /* Mock */ = {
			isa = PBXGroup;
			children = (
				2971FC8F21FC9FEF00988B10 /* EventResponseMock.swift */,
			);
			path = Mock;
			sourceTree = "<group>";
		};
		298B680221F9E558003E0CBB /* Response */ = {
			isa = PBXGroup;
			children = (
				298B680321F9E569003E0CBB /* Response.swift */,
				298B680721F9E686003E0CBB /* AppResponse.swift */,
				298B680521F9E5AE003E0CBB /* HTTPStatusCode.swift */,
			);
			path = Response;
			sourceTree = "<group>";
		};
		298B680921F9E922003E0CBB /* Network */ = {
			isa = PBXGroup;
			children = (
				2971FC6B21FAEF4E00988B10 /* HTTPClientType */,
				298B682521FA0E2A003E0CBB /* NetworkAdapter */,
				298B682221FA0B5D003E0CBB /* NetworkActivity */,
				298B681021F9F418003E0CBB /* HttpErrorHandler */,
				298B680A21F9E966003E0CBB /* Response */,
			);
			path = Network;
			sourceTree = "<group>";
		};
		298B680A21F9E966003E0CBB /* Response */ = {
			isa = PBXGroup;
			children = (
				298B680B21F9E99A003E0CBB /* ResponseTests.swift */,
			);
			path = Response;
			sourceTree = "<group>";
		};
		298B680D21F9F394003E0CBB /* HTTPErrorHandler */ = {
			isa = PBXGroup;
			children = (
				298B680021F9E4C8003E0CBB /* HTTPErrorHandler.swift */,
			);
			path = HTTPErrorHandler;
			sourceTree = "<group>";
		};
		298B681021F9F418003E0CBB /* HttpErrorHandler */ = {
			isa = PBXGroup;
			children = (
				298B681121F9F422003E0CBB /* Mock */,
			);
			path = HttpErrorHandler;
			sourceTree = "<group>";
		};
		298B681121F9F422003E0CBB /* Mock */ = {
			isa = PBXGroup;
			children = (
				298B681221F9F434003E0CBB /* AppErrorHandlerMock.swift */,
			);
			path = Mock;
			sourceTree = "<group>";
		};
		298B681421F9F4C2003E0CBB /* NetworkActivity */ = {
			isa = PBXGroup;
			children = (
				298B681521F9F4D5003E0CBB /* NetworkActivity.swift */,
			);
			path = NetworkActivity;
			sourceTree = "<group>";
		};
		298B681D21FA0AE9003E0CBB /* NetworkAdapter */ = {
			isa = PBXGroup;
			children = (
				298B681E21FA0AFC003E0CBB /* NetworkAdapter.swift */,
				298B682021FA0B33003E0CBB /* URLSessionNetworkAdapter.swift */,
			);
			path = NetworkAdapter;
			sourceTree = "<group>";
		};
		298B682221FA0B5D003E0CBB /* NetworkActivity */ = {
			isa = PBXGroup;
			children = (
				298B682321FA0B68003E0CBB /* NetworkActivityMock.swift */,
			);
			path = NetworkActivity;
			sourceTree = "<group>";
		};
		298B682521FA0E2A003E0CBB /* NetworkAdapter */ = {
			isa = PBXGroup;
			children = (
				298B682621FA0E3B003E0CBB /* URLSessionNetworkAdapterTests.swift */,
			);
			path = NetworkAdapter;
			sourceTree = "<group>";
		};
		298B683221FA1E9E003E0CBB /* HTTPClientType */ = {
			isa = PBXGroup;
			children = (
				298B683321FA1EAC003E0CBB /* HTTPClientType.swift */,
				298B683721FA1F32003E0CBB /* AppHTTPClientType.swift */,
			);
			path = HTTPClientType;
			sourceTree = "<group>";
		};
		29CFFB1C21F755E7007221A0 /* Core */ = {
			isa = PBXGroup;
			children = (
				29ED296221FDBD5D00732841 /* Router */,
				29ED295721FDAE7700732841 /* Prsenter */,
				29EAB0B521FCAA1900C9481E /* ViewType */,
				2971FC8221FC9D6A00988B10 /* EventResponse */,
				29CFFB2121F75881007221A0 /* EventRequest */,
				29CFFB1D21F75600007221A0 /* EventParameterKey.swift */,
				29CFFB1F21F75856007221A0 /* Interactor.swift */,
				2971FC8721FC9E7F00988B10 /* ViewState.swift */,
			);
			path = Core;
			sourceTree = "<group>";
		};
		29CFFB2121F75881007221A0 /* EventRequest */ = {
			isa = PBXGroup;
			children = (
				29CFFB2221F7588B007221A0 /* EventRequest.swift */,
				29CFFB2421F758C5007221A0 /* AppAction.swift */,
			);
			path = EventRequest;
			sourceTree = "<group>";
		};
		29CFFB2621F75A6C007221A0 /* Core */ = {
			isa = PBXGroup;
			children = (
				29ED296721FDBE6A00732841 /* Router */,
				29ED295C21FDAF2B00732841 /* Presenter */,
				29EAB0BA21FCB3FF00C9481E /* VIewType */,
				2971FC8921FC9EC400988B10 /* EventResponse */,
				29CFFB2721F75A7D007221A0 /* EventRequestTests.swift */,
			);
			path = Core;
			sourceTree = "<group>";
		};
		29CFFB2921F76610007221A0 /* AppError */ = {
			isa = PBXGroup;
			children = (
				29CFFB2A21F7662E007221A0 /* AppError.swift */,
				29CFFB2D21F7666B007221A0 /* Implementation */,
			);
			path = AppError;
			sourceTree = "<group>";
		};
		29CFFB2C21F76657007221A0 /* AppError */ = {
			isa = PBXGroup;
			children = (
				29CFFB3021F767B4007221A0 /* DeserializationAppErrorTests.swift */,
				29CFFB3421F76B44007221A0 /* ExpectsContentAppErrorTests.swift */,
				29CFFB3821F76BD9007221A0 /* MalformedURLAppErrorTests.swift */,
				29CFFB3C21F76C56007221A0 /* NetworkAppErrorTests.swift */,
				29CFFB3E21F76CAD007221A0 /* ParameterTypeAppErrorTests.swift */,
				29CFFB4421F76D9A007221A0 /* SerializationAppErrorTests.swift */,
				29CFFB4821F76E25007221A0 /* NoRequestParameterAppErrorTests.swift */,
				29CFFB4C21F76EB9007221A0 /* DefaultAppErrorTests.swift */,
				29CFFB4E21F76F28007221A0 /* InvalidFormAppErrorTests.swift */,
			);
			path = AppError;
			sourceTree = "<group>";
		};
		29CFFB2D21F7666B007221A0 /* Implementation */ = {
			isa = PBXGroup;
			children = (
				29CFFB2E21F766A2007221A0 /* DeserializationAppError.swift */,
				29CFFB3221F76990007221A0 /* ExpectsContentAppError.swift */,
				29CFFB3621F76BA3007221A0 /* MalformedURLAppError.swift */,
				29CFFB3A21F76C09007221A0 /* NetworkAppError.swift */,
				29CFFB4021F76CDA007221A0 /* ParameterTypeAppError.swift */,
				29CFFB4221F76D94007221A0 /* SerializationAppError.swift */,
				29CFFB4621F76E05007221A0 /* NoRequestParameterAppError.swift */,
				29CFFB4A21F76E65007221A0 /* DefaultAppError.swift */,
				29CFFB5021F76F2F007221A0 /* InvalidFormAppError.swift */,
			);
			path = Implementation;
			sourceTree = "<group>";
		};
		29CFFB5221F76FA5007221A0 /* Transformer */ = {
			isa = PBXGroup;
			children = (
				29CFFB5F21F7761C007221A0 /* Implementation */,
				29CFFB5421F76FEE007221A0 /* Transformer.swift */,
				29CFFB5821F77112007221A0 /* AnyTransformer.swift */,
				29CFFB5621F7703A007221A0 /* Transformer+Rx.swift */,
			);
			path = Transformer;
			sourceTree = "<group>";
		};
		29CFFB5321F76FB3007221A0 /* Transformer */ = {
			isa = PBXGroup;
			children = (
				293F637D21F89B5A00A8F4FF /* Implementation */,
				29CFFB5A21F771BE007221A0 /* AnyTransformerTests.swift */,
				293F637B21F897F000A8F4FF /* Transformer+RxTests.swift */,
			);
			path = Transformer;
			sourceTree = "<group>";
		};
		29CFFB5F21F7761C007221A0 /* Implementation */ = {
			isa = PBXGroup;
			children = (
				29CFFB6021F7763E007221A0 /* EndpointToURLRequestTransformer.swift */,
			);
			path = Implementation;
			sourceTree = "<group>";
		};
		29CFFB6221F776E0007221A0 /* Parser */ = {
			isa = PBXGroup;
			children = (
				29CFFB6321F776F8007221A0 /* Deserializable.swift */,
			);
			path = Parser;
			sourceTree = "<group>";
		};
		29EAB0B521FCAA1900C9481E /* ViewType */ = {
			isa = PBXGroup;
			children = (
				29EAB0B621FCAA3200C9481E /* ViewType.swift */,
				29EAB0B821FCAE1E00C9481E /* AnyViewType.swift */,
			);
			path = ViewType;
			sourceTree = "<group>";
		};
		29EAB0BA21FCB3FF00C9481E /* VIewType */ = {
			isa = PBXGroup;
			children = (
				29ED295221FDA55000732841 /* Mock */,
				29EAB0BB21FCB41200C9481E /* AnyViewTypeTests.swift */,
			);
			path = VIewType;
			sourceTree = "<group>";
		};
		29ED295221FDA55000732841 /* Mock */ = {
			isa = PBXGroup;
			children = (
				29ED295321FDA56500732841 /* TestViewModelMock.swift */,
				29ED295521FDA72800732841 /* TestViewTypeMock.swift */,
			);
			path = Mock;
			sourceTree = "<group>";
		};
		29ED295721FDAE7700732841 /* Prsenter */ = {
			isa = PBXGroup;
			children = (
				29ED295821FDAE8500732841 /* Presenter.swift */,
				29ED295A21FDAEAD00732841 /* AnyPresenter.swift */,
			);
			path = Prsenter;
			sourceTree = "<group>";
		};
		29ED295C21FDAF2B00732841 /* Presenter */ = {
			isa = PBXGroup;
			children = (
				29ED295F21FDB18E00732841 /* Mocks */,
				29ED296021FDB19D00732841 /* AnyPresenterTests.swift */,
			);
			path = Presenter;
			sourceTree = "<group>";
		};
		29ED295F21FDB18E00732841 /* Mocks */ = {
			isa = PBXGroup;
			children = (
				29ED295D21FDAF3E00732841 /* TestPresenterMock.swift */,
			);
			path = Mocks;
			sourceTree = "<group>";
		};
		29ED296221FDBD5D00732841 /* Router */ = {
			isa = PBXGroup;
			children = (
				29ED296321FDBD6E00732841 /* Router.swift */,
				29ED296521FDBDB500732841 /* AnyRouter.swift */,
			);
			path = Router;
			sourceTree = "<group>";
		};
		29ED296721FDBE6A00732841 /* Router */ = {
			isa = PBXGroup;
			children = (
				29ED296821FDBE7000732841 /* Mocks */,
				29ED296B21FDC20200732841 /* AnyRouterTests.swift */,
			);
			path = Router;
			sourceTree = "<group>";
		};
		29ED296821FDBE7000732841 /* Mocks */ = {
			isa = PBXGroup;
			children = (
				29ED296921FDBE7800732841 /* TestRouterMock.swift */,
			);
			path = Mocks;
			sourceTree = "<group>";
		};
		29ED296D21FDC54D00732841 /* Utils */ = {
			isa = PBXGroup;
			children = (
				29ED298621FDCD0200732841 /* InMemory */,
				29ED298321FDCC2600732841 /* RxExtensions */,
				29ED297321FDC5EA00732841 /* Validator */,
				29ED296E21FDC58F00732841 /* FormError */,
			);
			path = Utils;
			sourceTree = "<group>";
		};
		29ED296E21FDC58F00732841 /* FormError */ = {
			isa = PBXGroup;
			children = (
				29ED296F21FDC59800732841 /* FormError.swift */,
				29ED297121FDC5C300732841 /* FormErrorCollection.swift */,
			);
			path = FormError;
			sourceTree = "<group>";
		};
		29ED297321FDC5EA00732841 /* Validator */ = {
			isa = PBXGroup;
			children = (
				29ED297421FDC5F500732841 /* Validator.swift */,
				29ED297821FDC63D00732841 /* AnyValidator.swift */,
				29ED297C21FDC72E00732841 /* Implementation */,
			);
			path = Validator;
			sourceTree = "<group>";
		};
		29ED297621FDC62200732841 /* Utils */ = {
			isa = PBXGroup;
			children = (
				29ED298B21FDCE3800732841 /* InMemory */,
				29ED297721FDC62800732841 /* Validator */,
			);
			path = Utils;
			sourceTree = "<group>";
		};
		29ED297721FDC62800732841 /* Validator */ = {
			isa = PBXGroup;
			children = (
				29ED297A21FDC6BB00732841 /* IntValidatorTests.swift */,
				29ED298121FDCB4F00732841 /* TextFiledValueValidatorTests.swift */,
			);
			path = Validator;
			sourceTree = "<group>";
		};
		29ED297C21FDC72E00732841 /* Implementation */ = {
			isa = PBXGroup;
			children = (
				29ED297D21FDC74100732841 /* IntValueValidator.swift */,
				29ED297F21FDC95C00732841 /* TextFiledValueValidator.swift */,
			);
			path = Implementation;
			sourceTree = "<group>";
		};
		29ED298321FDCC2600732841 /* RxExtensions */ = {
			isa = PBXGroup;
			children = (
				29ED298421FDCC3200732841 /* UIViewController+Rx.swift */,
			);
			path = RxExtensions;
			sourceTree = "<group>";
		};
		29ED298621FDCD0200732841 /* InMemory */ = {
			isa = PBXGroup;
			children = (
				29ED298721FDCD1000732841 /* InMemory.swift */,
				29ED298921FDCDC000732841 /* AppInMemory.swift */,
			);
			path = InMemory;
			sourceTree = "<group>";
		};
		29ED298B21FDCE3800732841 /* InMemory */ = {
			isa = PBXGroup;
			children = (
				29ED298C21FDCE4300732841 /* AppInMemoryTests.swift */,
			);
			path = InMemory;
			sourceTree = "<group>";
		};
		F426E1BD41DD2AE58350632B /* Logger */ = {
			isa = PBXGroup;
			children = (
				F426E4D8511F106F6B96C329 /* Logger.swift */,
				F426E8FBCFEF20018642D0CC /* LoggerLevel.swift */,
				F426E56B8EAA8400032AB554 /* LoggerInterceptor.swift */,
				F426E3E3E8B27D14C4614EC7 /* AppLogger.swift */,
			);
			path = Logger;
			sourceTree = "<group>";
		};
		F426EA8D97CE7B1E96BA4D17 /* Logger */ = {
			isa = PBXGroup;
			children = (
				F426E48FE2C88B78CD6EA9BC /* AppLoggerTests.swift */,
				290D4AA221F4CCE200F2F122 /* LoggerInterceptorTests.swift */,
				29367C1721F4DC5C00C84F0D /* LoggerDITests.swift */,
			);
			path = Logger;
			sourceTree = "<group>";
		};
		F426ECBDA0278377F0755F99 /* Foundation */ = {
			isa = PBXGroup;
			children = (
				29ED297621FDC62200732841 /* Utils */,
				298B680921F9E922003E0CBB /* Network */,
				293F638021F89C4500A8F4FF /* Stub */,
				293F637821F8979500A8F4FF /* Parser */,
				29CFFB2C21F76657007221A0 /* AppError */,
				29CFFB2621F75A6C007221A0 /* Core */,
				29367C2621F4E4BA00C84F0D /* Endpoint */,
				29367C1221F4D90C00C84F0D /* Interceptor */,
				F426EA8D97CE7B1E96BA4D17 /* Logger */,
				29367C2F21F4E71900C84F0D /* Repository */,
				29CFFB5321F76FB3007221A0 /* Transformer */,
				29367C2021F4E38600C84F0D /* Translator */,
			);
			path = Foundation;
			sourceTree = "<group>";
		};
		F426EEDFC69026CA4FB62C99 /* Interceptor */ = {
			isa = PBXGroup;
			children = (
				F426E42ACFB316866BE89AA0 /* Interceptor.swift */,
				F426EB980EB1E1C04FD2CE64 /* AnyInterceptor.swift */,
				F426EF1979244F1B75A1A20D /* InterceptorChain.swift */,
			);
			path = Interceptor;
			sourceTree = "<group>";
		};
/* End PBXGroup section */

/* Begin PBXHeadersBuildPhase section */
		2911763C21F45FAF00438367 /* Headers */ = {
			isa = PBXHeadersBuildPhase;
			buildActionMask = 2147483647;
			files = (
				2911765221F45FB000438367 /* RxVipKit.h in Headers */,
			);
			runOnlyForDeploymentPostprocessing = 0;
		};
/* End PBXHeadersBuildPhase section */

/* Begin PBXNativeTarget section */
		2911764021F45FAF00438367 /* RxVipKit */ = {
			isa = PBXNativeTarget;
			buildConfigurationList = 2911765521F45FB000438367 /* Build configuration list for PBXNativeTarget "RxVipKit" */;
			buildPhases = (
				29A876C121F4B8D600971D76 /* Run Script */,
				2911763C21F45FAF00438367 /* Headers */,
				2911763D21F45FAF00438367 /* Sources */,
				2911763E21F45FAF00438367 /* Frameworks */,
				2911763F21F45FAF00438367 /* Resources */,
			);
			buildRules = (
			);
			dependencies = (
			);
			name = RxVipKit;
			productName = RxVipKit;
			productReference = 2911764121F45FAF00438367 /* RxVipKit.framework */;
			productType = "com.apple.product-type.framework";
		};
		2911764921F45FB000438367 /* RxVipKitTests */ = {
			isa = PBXNativeTarget;
			buildConfigurationList = 2911765821F45FB000438367 /* Build configuration list for PBXNativeTarget "RxVipKitTests" */;
			buildPhases = (
				29A876C221F4B8E900971D76 /* Run Script */,
				2911764621F45FB000438367 /* Sources */,
				2911764721F45FB000438367 /* Frameworks */,
				2911764821F45FB000438367 /* Resources */,
			);
			buildRules = (
			);
			dependencies = (
				2911764D21F45FB000438367 /* PBXTargetDependency */,
			);
			name = RxVipKitTests;
			productName = RxVipKitTests;
			productReference = 2911764A21F45FB000438367 /* RxVipKitTests.xctest */;
			productType = "com.apple.product-type.bundle.unit-test";
		};
/* End PBXNativeTarget section */

/* Begin PBXProject section */
		2911763821F45FAF00438367 /* Project object */ = {
			isa = PBXProject;
			attributes = {
				LastSwiftUpdateCheck = 1010;
				LastUpgradeCheck = 1010;
				ORGANIZATIONNAME = "Scott Moon";
				TargetAttributes = {
					2911764021F45FAF00438367 = {
						CreatedOnToolsVersion = 10.1;
					};
					2911764921F45FB000438367 = {
						CreatedOnToolsVersion = 10.1;
					};
				};
			};
			buildConfigurationList = 2911763B21F45FAF00438367 /* Build configuration list for PBXProject "RxVipKit" */;
			compatibilityVersion = "Xcode 9.3";
			developmentRegion = en;
			hasScannedForEncodings = 0;
			knownRegions = (
				en,
			);
			mainGroup = 2911763721F45FAF00438367;
			productRefGroup = 2911764221F45FAF00438367 /* Products */;
			projectDirPath = "";
			projectRoot = "";
			targets = (
				2911764021F45FAF00438367 /* RxVipKit */,
				2911764921F45FB000438367 /* RxVipKitTests */,
			);
		};
/* End PBXProject section */

/* Begin PBXResourcesBuildPhase section */
		2911763F21F45FAF00438367 /* Resources */ = {
			isa = PBXResourcesBuildPhase;
			buildActionMask = 2147483647;
			files = (
			);
			runOnlyForDeploymentPostprocessing = 0;
		};
		2911764821F45FB000438367 /* Resources */ = {
			isa = PBXResourcesBuildPhase;
			buildActionMask = 2147483647;
			files = (
			);
			runOnlyForDeploymentPostprocessing = 0;
		};
/* End PBXResourcesBuildPhase section */

/* Begin PBXShellScriptBuildPhase section */
		29A876C121F4B8D600971D76 /* Run Script */ = {
			isa = PBXShellScriptBuildPhase;
			buildActionMask = 2147483647;
			files = (
			);
			inputFileListPaths = (
			);
			inputPaths = (
				"$(SRCROOT)/Carthage/Build/iOS/RxSwift.framework",
				"$(SRCROOT)/Carthage/Build/iOS/RxCocoa.framework",
				"$(SRCROOT)/Carthage/Build/iOS/RxAtomic.framework",
				"$(SRCROOT)/Carthage/Build/iOS/SwiftyBeaver.framework",
				"$(SRCROOT)/Carthage/Build/iOS/Swinject.framework",
			);
			name = "Run Script";
			outputFileListPaths = (
			);
			outputPaths = (
				"$(BUILT_PRODUCTS_DIR)/$(FRAMEWORKS_FOLDER_PATH)/RxCocoa.framework",
				"$(BUILT_PRODUCTS_DIR)/$(FRAMEWORKS_FOLDER_PATH)/RxSwift.framework",
				"$(BUILT_PRODUCTS_DIR)/$(FRAMEWORKS_FOLDER_PATH)/RxAtomic.framework",
				"$(BUILT_PRODUCTS_DIR)/$(FRAMEWORKS_FOLDER_PATH)/SwiftyBeaver.framework",
				"$(BUILT_PRODUCTS_DIR)/$(FRAMEWORKS_FOLDER_PATH)/Swinject.framework",
			);
			runOnlyForDeploymentPostprocessing = 0;
			shellPath = /bin/sh;
			shellScript = "if which swiftlint >/dev/null; then\nswiftlint\nswiftlint autocorrect\nelse\necho \"warning: SwiftLint not installed, download from https://github.com/realm/SwiftLint\"\nfi\n\n\n/usr/local/bin/carthage copy-frameworks\n";
		};
		29A876C221F4B8E900971D76 /* Run Script */ = {
			isa = PBXShellScriptBuildPhase;
			buildActionMask = 2147483647;
			files = (
			);
			inputFileListPaths = (
			);
			inputPaths = (
				"$(SRCROOT)/Carthage/Build/iOS/RxSwift.framework",
				"$(SRCROOT)/Carthage/Build/iOS/RxCocoa.framework",
				"$(SRCROOT)/Carthage/Build/iOS/RxAtomic.framework",
				"$(SRCROOT)/Carthage/Build/iOS/RxBlocking.framework",
				"$(SRCROOT)/Carthage/Build/iOS/RxTest.framework",
				"$(SRCROOT)/Carthage/Build/iOS/Swifter.framework",
				"$(SRCROOT)/Carthage/Build/iOS/SwiftyBeaver.framework",
				"$(SRCROOT)/Carthage/Build/iOS/Swinject.framework",
			);
			name = "Run Script";
			outputFileListPaths = (
			);
			outputPaths = (
			);
			runOnlyForDeploymentPostprocessing = 0;
			shellPath = /bin/sh;
			shellScript = "if which swiftlint >/dev/null; then\nswiftlint\nswiftlint autocorrect\nelse\necho \"warning: SwiftLint not installed, download from https://github.com/realm/SwiftLint\"\nfi\n/usr/local/bin/carthage copy-frameworks\n";
		};
/* End PBXShellScriptBuildPhase section */

/* Begin PBXSourcesBuildPhase section */
		2911763D21F45FAF00438367 /* Sources */ = {
			isa = PBXSourcesBuildPhase;
			buildActionMask = 2147483647;
			files = (
				F426E4BB56D222A4A9B4E9A3 /* Logger.swift in Sources */,
				29ED297E21FDC74100732841 /* IntValueValidator.swift in Sources */,
				29CFFB1E21F75600007221A0 /* EventParameterKey.swift in Sources */,
				29367C1F21F4DFA000C84F0D /* NSLocalizedTranslator.swift in Sources */,
				29ED295921FDAE8500732841 /* Presenter.swift in Sources */,
				29EAB0B221FCA3C300C9481E /* AppEventResponse.swift in Sources */,
				F426E924EDDD5DFC003BF915 /* LoggerLevel.swift in Sources */,
				29CFFB2B21F7662F007221A0 /* AppError.swift in Sources */,
				29CFFB3B21F76C09007221A0 /* NetworkAppError.swift in Sources */,
				29ED296421FDBD6E00732841 /* Router.swift in Sources */,
				298B683621FA1EFE003E0CBB /* Result.swift in Sources */,
				F426E8309DBD7E7D00735D66 /* LoggerInterceptor.swift in Sources */,
				2971FC8821FC9E7F00988B10 /* ViewState.swift in Sources */,
				298B680421F9E569003E0CBB /* Response.swift in Sources */,
				29EAB0B021FCA35300C9481E /* LoadingEventResponse.swift in Sources */,
				29CFFB6421F776F8007221A0 /* Deserializable.swift in Sources */,
				29367C2B21F4E52000C84F0D /* HttpMethod.swift in Sources */,
				29367C2521F4E4AC00C84F0D /* Endpoint.swift in Sources */,
				29ED296621FDBDB500732841 /* AnyRouter.swift in Sources */,
				29ED298A21FDCDC000732841 /* AppInMemory.swift in Sources */,
				F426E0F158CEC17C98CF0B58 /* AppLogger.swift in Sources */,
				29ED298521FDCC3200732841 /* UIViewController+Rx.swift in Sources */,
				29CFFB5521F76FEE007221A0 /* Transformer.swift in Sources */,
				29CFFB4721F76E05007221A0 /* NoRequestParameterAppError.swift in Sources */,
				F426E26F5FC2A1FA16BE8CC7 /* Interceptor.swift in Sources */,
				2971FC8621FC9DB400988B10 /* EventResponseCode.swift in Sources */,
				298B681F21FA0AFC003E0CBB /* NetworkAdapter.swift in Sources */,
				29CFFB5121F76F2F007221A0 /* InvalidFormAppError.swift in Sources */,
				2971FC7721FB003B00988B10 /* AnyRespository.swift in Sources */,
				29CFFB2521F758C5007221A0 /* AppAction.swift in Sources */,
				29CFFB5921F77112007221A0 /* AnyTransformer.swift in Sources */,
				298B680621F9E5AE003E0CBB /* HTTPStatusCode.swift in Sources */,
				298B681621F9F4D5003E0CBB /* NetworkActivity.swift in Sources */,
				29CFFB5721F7703A007221A0 /* Transformer+Rx.swift in Sources */,
				29ED297521FDC5F500732841 /* Validator.swift in Sources */,
				29EAB0B721FCAA3200C9481E /* ViewType.swift in Sources */,
				29367C1D21F4DF8F00C84F0D /* Translator.swift in Sources */,
				29CFFB2F21F766A2007221A0 /* DeserializationAppError.swift in Sources */,
				29ED298021FDC95C00732841 /* TextFiledValueValidator.swift in Sources */,
				29CFFB3721F76BA3007221A0 /* MalformedURLAppError.swift in Sources */,
				2971FC8421FC9D7A00988B10 /* EventResponse.swift in Sources */,
				29CFFB3321F76990007221A0 /* ExpectsContentAppError.swift in Sources */,
				29367C2E21F4E6FB00C84F0D /* RepositoryParameter.swift in Sources */,
				29CFFB4321F76D94007221A0 /* SerializationAppError.swift in Sources */,
				29ED298821FDCD1000732841 /* InMemory.swift in Sources */,
				29CFFB6121F7763E007221A0 /* EndpointToURLRequestTransformer.swift in Sources */,
				29EAB0B921FCAE1E00C9481E /* AnyViewType.swift in Sources */,
				298B680121F9E4C8003E0CBB /* HTTPErrorHandler.swift in Sources */,
				F426E76AD61D403A97B989FD /* AnyInterceptor.swift in Sources */,
				2958A02821FDE09B000ADF1E /* AppContainer.swift in Sources */,
				298B683821FA1F32003E0CBB /* AppHTTPClientType.swift in Sources */,
				29CFFB2021F75856007221A0 /* Interactor.swift in Sources */,
				298B680821F9E686003E0CBB /* AppResponse.swift in Sources */,
				2971FC7121FAFD4E00988B10 /* Repository.swift in Sources */,
				29CFFB2321F7588B007221A0 /* EventRequest.swift in Sources */,
				29CFFB4B21F76E65007221A0 /* DefaultAppError.swift in Sources */,
				298B682121FA0B33003E0CBB /* URLSessionNetworkAdapter.swift in Sources */,
				29CFFB4121F76CDA007221A0 /* ParameterTypeAppError.swift in Sources */,
				29ED295B21FDAEAD00732841 /* AnyPresenter.swift in Sources */,
				F426EEF7E105D2A47164B21F /* InterceptorChain.swift in Sources */,
				29ED297021FDC59800732841 /* FormError.swift in Sources */,
				29ED297221FDC5C300732841 /* FormErrorCollection.swift in Sources */,
				298B683421FA1EAC003E0CBB /* HTTPClientType.swift in Sources */,
				29ED297921FDC63D00732841 /* AnyValidator.swift in Sources */,
			);
			runOnlyForDeploymentPostprocessing = 0;
		};
		2911764621F45FB000438367 /* Sources */ = {
			isa = PBXSourcesBuildPhase;
			buildActionMask = 2147483647;
			files = (
				29CFFB4521F76D9A007221A0 /* SerializationAppErrorTests.swift in Sources */,
				2971FC6F21FAFCC300988B10 /* RepositoryTestMock.swift in Sources */,
				29CFFB6721F77835007221A0 /* TestEntityMock.swift in Sources */,
				2971FC7321FAFF3700988B10 /* RepositoryTests.swift in Sources */,
				29367C2821F4E4C300C84F0D /* EndpointMock.swift in Sources */,
				29367C1A21F4DD2C00C84F0D /* InterceptorChainDiTests.swift in Sources */,
				29CFFB3121F767B4007221A0 /* DeserializationAppErrorTests.swift in Sources */,
				29EAB0B421FCA9B600C9481E /* AppEventResponseTests.swift in Sources */,
				2971FC9021FC9FEF00988B10 /* EventResponseMock.swift in Sources */,
				29ED298D21FDCE4300732841 /* AppInMemoryTests.swift in Sources */,
				290D4AA021F4C69F00F2F122 /* AppLoggerTests.swift in Sources */,
				293F638821F8AD0800A8F4FF /* RespositoryParameterFullDataMock.swift in Sources */,
				290D4AA321F4CCE200F2F122 /* LoggerInterceptorTests.swift in Sources */,
				293F637A21F897A300A8F4FF /* DeserializableTests.swift in Sources */,
				293F637C21F897F000A8F4FF /* Transformer+RxTests.swift in Sources */,
				29ED295421FDA56500732841 /* TestViewModelMock.swift in Sources */,
				29ED297B21FDC6BB00732841 /* IntValidatorTests.swift in Sources */,
				293F637F21F89B6600A8F4FF /* EndpointToURLRequestTransformerTests.swift in Sources */,
				29ED295E21FDAF3E00732841 /* TestPresenterMock.swift in Sources */,
				298B682721FA0E3B003E0CBB /* URLSessionNetworkAdapterTests.swift in Sources */,
				29CFFB3D21F76C56007221A0 /* NetworkAppErrorTests.swift in Sources */,
				293F638221F89C5B00A8F4FF /* StubServer.swift in Sources */,
				2971FC7921FC372400988B10 /* EndpointNoContentMock.swift in Sources */,
				293F638421F8A7A700A8F4FF /* EndpointFailMock.swift in Sources */,
				29CFFB4D21F76EB9007221A0 /* DefaultAppErrorTests.swift in Sources */,
				29367C1821F4DC5C00C84F0D /* LoggerDITests.swift in Sources */,
				298B680C21F9E99A003E0CBB /* ResponseTests.swift in Sources */,
				29ED296C21FDC20200732841 /* AnyRouterTests.swift in Sources */,
				298B682421FA0B68003E0CBB /* NetworkActivityMock.swift in Sources */,
				29ED296A21FDBE7800732841 /* TestRouterMock.swift in Sources */,
				29EAB0BC21FCB41200C9481E /* AnyViewTypeTests.swift in Sources */,
				29CFFB2821F75A7D007221A0 /* EventRequestTests.swift in Sources */,
				29CFFB4F21F76F28007221A0 /* InvalidFormAppErrorTests.swift in Sources */,
				2971FC8B21FC9ED200988B10 /* LoadingEventResponseTests.swift in Sources */,
				29CFFB5B21F771BE007221A0 /* AnyTransformerTests.swift in Sources */,
				29ED298221FDCB4F00732841 /* TextFiledValueValidatorTests.swift in Sources */,
				29CFFB4921F76E25007221A0 /* NoRequestParameterAppErrorTests.swift in Sources */,
				29CFFB5E21F772BF007221A0 /* DictionaryToUserTransformerMock.swift in Sources */,
				298B681321F9F434003E0CBB /* AppErrorHandlerMock.swift in Sources */,
				29CFFB3F21F76CAD007221A0 /* ParameterTypeAppErrorTests.swift in Sources */,
				293F638621F8A9F300A8F4FF /* EndPointFullDataMock.swift in Sources */,
				29CFFB3921F76BD9007221A0 /* MalformedURLAppErrorTests.swift in Sources */,
				2971FC6D21FAEFED00988B10 /* AppHTTPClientTyoeTests.swift in Sources */,
				29367C2221F4E39800C84F0D /* NSLocalizedTranslatorTests.swift in Sources */,
				29367C3121F4E72200C84F0D /* RepositoryParameterMock.swift in Sources */,
				29ED296121FDB19D00732841 /* AnyPresenterTests.swift in Sources */,
				29367C1421F4D92400C84F0D /* AnyInterceptorTest.swift in Sources */,
				29367C3321F4E9D300C84F0D /* EndpointTests.swift in Sources */,
				29367C1621F4DA4500C84F0D /* InterceptorChainTests.swift in Sources */,
				293F638E21F8B4CC00A8F4FF /* EndpointFailMock2.swift in Sources */,
				29ED295621FDA72800732841 /* TestViewTypeMock.swift in Sources */,
				29CFFB3521F76B44007221A0 /* ExpectsContentAppErrorTests.swift in Sources */,
			);
			runOnlyForDeploymentPostprocessing = 0;
		};
/* End PBXSourcesBuildPhase section */

/* Begin PBXTargetDependency section */
		2911764D21F45FB000438367 /* PBXTargetDependency */ = {
			isa = PBXTargetDependency;
			target = 2911764021F45FAF00438367 /* RxVipKit */;
			targetProxy = 2911764C21F45FB000438367 /* PBXContainerItemProxy */;
		};
/* End PBXTargetDependency section */

/* Begin XCBuildConfiguration section */
		2911765321F45FB000438367 /* Debug */ = {
			isa = XCBuildConfiguration;
			buildSettings = {
				ALWAYS_SEARCH_USER_PATHS = NO;
				CLANG_ANALYZER_NONNULL = YES;
				CLANG_ANALYZER_NUMBER_OBJECT_CONVERSION = YES_AGGRESSIVE;
				CLANG_CXX_LANGUAGE_STANDARD = "gnu++14";
				CLANG_CXX_LIBRARY = "libc++";
				CLANG_ENABLE_MODULES = YES;
				CLANG_ENABLE_OBJC_ARC = YES;
				CLANG_ENABLE_OBJC_WEAK = YES;
				CLANG_WARN_BLOCK_CAPTURE_AUTORELEASING = YES;
				CLANG_WARN_BOOL_CONVERSION = YES;
				CLANG_WARN_COMMA = YES;
				CLANG_WARN_CONSTANT_CONVERSION = YES;
				CLANG_WARN_DEPRECATED_OBJC_IMPLEMENTATIONS = YES;
				CLANG_WARN_DIRECT_OBJC_ISA_USAGE = YES_ERROR;
				CLANG_WARN_DOCUMENTATION_COMMENTS = YES;
				CLANG_WARN_EMPTY_BODY = YES;
				CLANG_WARN_ENUM_CONVERSION = YES;
				CLANG_WARN_INFINITE_RECURSION = YES;
				CLANG_WARN_INT_CONVERSION = YES;
				CLANG_WARN_NON_LITERAL_NULL_CONVERSION = YES;
				CLANG_WARN_OBJC_IMPLICIT_RETAIN_SELF = YES;
				CLANG_WARN_OBJC_LITERAL_CONVERSION = YES;
				CLANG_WARN_OBJC_ROOT_CLASS = YES_ERROR;
				CLANG_WARN_RANGE_LOOP_ANALYSIS = YES;
				CLANG_WARN_STRICT_PROTOTYPES = YES;
				CLANG_WARN_SUSPICIOUS_MOVE = YES;
				CLANG_WARN_UNGUARDED_AVAILABILITY = YES_AGGRESSIVE;
				CLANG_WARN_UNREACHABLE_CODE = YES;
				CLANG_WARN__DUPLICATE_METHOD_MATCH = YES;
				CODE_SIGN_IDENTITY = "iPhone Developer";
				COPY_PHASE_STRIP = NO;
				CURRENT_PROJECT_VERSION = 1;
				DEBUG_INFORMATION_FORMAT = dwarf;
				ENABLE_STRICT_OBJC_MSGSEND = YES;
				ENABLE_TESTABILITY = YES;
				GCC_C_LANGUAGE_STANDARD = gnu11;
				GCC_DYNAMIC_NO_PIC = NO;
				GCC_NO_COMMON_BLOCKS = YES;
				GCC_OPTIMIZATION_LEVEL = 0;
				GCC_PREPROCESSOR_DEFINITIONS = (
					"DEBUG=1",
					"$(inherited)",
				);
				GCC_WARN_64_TO_32_BIT_CONVERSION = YES;
				GCC_WARN_ABOUT_RETURN_TYPE = YES_ERROR;
				GCC_WARN_UNDECLARED_SELECTOR = YES;
				GCC_WARN_UNINITIALIZED_AUTOS = YES_AGGRESSIVE;
				GCC_WARN_UNUSED_FUNCTION = YES;
				GCC_WARN_UNUSED_VARIABLE = YES;
				IPHONEOS_DEPLOYMENT_TARGET = 11.0;
				MTL_ENABLE_DEBUG_INFO = INCLUDE_SOURCE;
				MTL_FAST_MATH = YES;
				ONLY_ACTIVE_ARCH = YES;
				SDKROOT = iphoneos;
				SWIFT_ACTIVE_COMPILATION_CONDITIONS = DEBUG;
				SWIFT_OPTIMIZATION_LEVEL = "-Onone";
				VERSIONING_SYSTEM = "apple-generic";
				VERSION_INFO_PREFIX = "";
			};
			name = Debug;
		};
		2911765421F45FB000438367 /* Release */ = {
			isa = XCBuildConfiguration;
			buildSettings = {
				ALWAYS_SEARCH_USER_PATHS = NO;
				CLANG_ANALYZER_NONNULL = YES;
				CLANG_ANALYZER_NUMBER_OBJECT_CONVERSION = YES_AGGRESSIVE;
				CLANG_CXX_LANGUAGE_STANDARD = "gnu++14";
				CLANG_CXX_LIBRARY = "libc++";
				CLANG_ENABLE_MODULES = YES;
				CLANG_ENABLE_OBJC_ARC = YES;
				CLANG_ENABLE_OBJC_WEAK = YES;
				CLANG_WARN_BLOCK_CAPTURE_AUTORELEASING = YES;
				CLANG_WARN_BOOL_CONVERSION = YES;
				CLANG_WARN_COMMA = YES;
				CLANG_WARN_CONSTANT_CONVERSION = YES;
				CLANG_WARN_DEPRECATED_OBJC_IMPLEMENTATIONS = YES;
				CLANG_WARN_DIRECT_OBJC_ISA_USAGE = YES_ERROR;
				CLANG_WARN_DOCUMENTATION_COMMENTS = YES;
				CLANG_WARN_EMPTY_BODY = YES;
				CLANG_WARN_ENUM_CONVERSION = YES;
				CLANG_WARN_INFINITE_RECURSION = YES;
				CLANG_WARN_INT_CONVERSION = YES;
				CLANG_WARN_NON_LITERAL_NULL_CONVERSION = YES;
				CLANG_WARN_OBJC_IMPLICIT_RETAIN_SELF = YES;
				CLANG_WARN_OBJC_LITERAL_CONVERSION = YES;
				CLANG_WARN_OBJC_ROOT_CLASS = YES_ERROR;
				CLANG_WARN_RANGE_LOOP_ANALYSIS = YES;
				CLANG_WARN_STRICT_PROTOTYPES = YES;
				CLANG_WARN_SUSPICIOUS_MOVE = YES;
				CLANG_WARN_UNGUARDED_AVAILABILITY = YES_AGGRESSIVE;
				CLANG_WARN_UNREACHABLE_CODE = YES;
				CLANG_WARN__DUPLICATE_METHOD_MATCH = YES;
				CODE_SIGN_IDENTITY = "iPhone Developer";
				COPY_PHASE_STRIP = NO;
				CURRENT_PROJECT_VERSION = 1;
				DEBUG_INFORMATION_FORMAT = "dwarf-with-dsym";
				ENABLE_NS_ASSERTIONS = NO;
				ENABLE_STRICT_OBJC_MSGSEND = YES;
				GCC_C_LANGUAGE_STANDARD = gnu11;
				GCC_NO_COMMON_BLOCKS = YES;
				GCC_WARN_64_TO_32_BIT_CONVERSION = YES;
				GCC_WARN_ABOUT_RETURN_TYPE = YES_ERROR;
				GCC_WARN_UNDECLARED_SELECTOR = YES;
				GCC_WARN_UNINITIALIZED_AUTOS = YES_AGGRESSIVE;
				GCC_WARN_UNUSED_FUNCTION = YES;
				GCC_WARN_UNUSED_VARIABLE = YES;
				IPHONEOS_DEPLOYMENT_TARGET = 11.0;
				MTL_ENABLE_DEBUG_INFO = NO;
				MTL_FAST_MATH = YES;
				SDKROOT = iphoneos;
				SWIFT_COMPILATION_MODE = wholemodule;
				SWIFT_OPTIMIZATION_LEVEL = "-O";
				VALIDATE_PRODUCT = YES;
				VERSIONING_SYSTEM = "apple-generic";
				VERSION_INFO_PREFIX = "";
			};
			name = Release;
		};
		2911765621F45FB000438367 /* Debug */ = {
			isa = XCBuildConfiguration;
			buildSettings = {
				CODE_SIGN_IDENTITY = "";
				CODE_SIGN_STYLE = Automatic;
				DEFINES_MODULE = YES;
				DYLIB_COMPATIBILITY_VERSION = 1;
				DYLIB_CURRENT_VERSION = 1;
				DYLIB_INSTALL_NAME_BASE = "@rpath";
				FRAMEWORK_SEARCH_PATHS = (
					"$(inherited)",
					"$(PROJECT_DIR)/Carthage/Build/iOS",
				);
				INFOPLIST_FILE = RxVipKit/Info.plist;
				INSTALL_PATH = "$(LOCAL_LIBRARY_DIR)/Frameworks";
				IPHONEOS_DEPLOYMENT_TARGET = 11.0;
				LD_RUNPATH_SEARCH_PATHS = (
					"$(inherited)",
					"@executable_path/Frameworks",
					"@loader_path/Frameworks",
				);
				PRODUCT_BUNDLE_IDENTIFIER = com.github.jiwonsis.RxVipKit;
				PRODUCT_NAME = "$(TARGET_NAME:c99extidentifier)";
				SKIP_INSTALL = YES;
				SWIFT_VERSION = 4.2;
				TARGETED_DEVICE_FAMILY = "1,2";
			};
			name = Debug;
		};
		2911765721F45FB000438367 /* Release */ = {
			isa = XCBuildConfiguration;
			buildSettings = {
				CODE_SIGN_IDENTITY = "";
				CODE_SIGN_STYLE = Automatic;
				DEFINES_MODULE = YES;
				DYLIB_COMPATIBILITY_VERSION = 1;
				DYLIB_CURRENT_VERSION = 1;
				DYLIB_INSTALL_NAME_BASE = "@rpath";
				FRAMEWORK_SEARCH_PATHS = (
					"$(inherited)",
					"$(PROJECT_DIR)/Carthage/Build/iOS",
				);
				INFOPLIST_FILE = RxVipKit/Info.plist;
				INSTALL_PATH = "$(LOCAL_LIBRARY_DIR)/Frameworks";
				IPHONEOS_DEPLOYMENT_TARGET = 11.0;
				LD_RUNPATH_SEARCH_PATHS = (
					"$(inherited)",
					"@executable_path/Frameworks",
					"@loader_path/Frameworks",
				);
				PRODUCT_BUNDLE_IDENTIFIER = com.github.jiwonsis.RxVipKit;
				PRODUCT_NAME = "$(TARGET_NAME:c99extidentifier)";
				SKIP_INSTALL = YES;
				SWIFT_VERSION = 4.2;
				TARGETED_DEVICE_FAMILY = "1,2";
			};
			name = Release;
		};
		2911765921F45FB000438367 /* Debug */ = {
			isa = XCBuildConfiguration;
			buildSettings = {
				CODE_SIGN_STYLE = Automatic;
				FRAMEWORK_SEARCH_PATHS = (
					"$(inherited)",
					"$(PROJECT_DIR)/Carthage/Build/iOS",
				);
				INFOPLIST_FILE = RxVipKitTests/Info.plist;
				LD_RUNPATH_SEARCH_PATHS = (
					"$(inherited)",
					"@executable_path/Frameworks",
					"@loader_path/Frameworks",
				);
				PRODUCT_BUNDLE_IDENTIFIER = com.github.jiwonsis.RxVipKitTests;
				PRODUCT_NAME = "$(TARGET_NAME)";
				SWIFT_VERSION = 4.2;
				TARGETED_DEVICE_FAMILY = "1,2";
			};
			name = Debug;
		};
		2911765A21F45FB000438367 /* Release */ = {
			isa = XCBuildConfiguration;
			buildSettings = {
				CODE_SIGN_STYLE = Automatic;
				FRAMEWORK_SEARCH_PATHS = (
					"$(inherited)",
					"$(PROJECT_DIR)/Carthage/Build/iOS",
				);
				INFOPLIST_FILE = RxVipKitTests/Info.plist;
				LD_RUNPATH_SEARCH_PATHS = (
					"$(inherited)",
					"@executable_path/Frameworks",
					"@loader_path/Frameworks",
				);
				PRODUCT_BUNDLE_IDENTIFIER = com.github.jiwonsis.RxVipKitTests;
				PRODUCT_NAME = "$(TARGET_NAME)";
				SWIFT_VERSION = 4.2;
				TARGETED_DEVICE_FAMILY = "1,2";
			};
			name = Release;
		};
/* End XCBuildConfiguration section */

/* Begin XCConfigurationList section */
		2911763B21F45FAF00438367 /* Build configuration list for PBXProject "RxVipKit" */ = {
			isa = XCConfigurationList;
			buildConfigurations = (
				2911765321F45FB000438367 /* Debug */,
				2911765421F45FB000438367 /* Release */,
			);
			defaultConfigurationIsVisible = 0;
			defaultConfigurationName = Release;
		};
		2911765521F45FB000438367 /* Build configuration list for PBXNativeTarget "RxVipKit" */ = {
			isa = XCConfigurationList;
			buildConfigurations = (
				2911765621F45FB000438367 /* Debug */,
				2911765721F45FB000438367 /* Release */,
			);
			defaultConfigurationIsVisible = 0;
			defaultConfigurationName = Release;
		};
		2911765821F45FB000438367 /* Build configuration list for PBXNativeTarget "RxVipKitTests" */ = {
			isa = XCConfigurationList;
			buildConfigurations = (
				2911765921F45FB000438367 /* Debug */,
				2911765A21F45FB000438367 /* Release */,
			);
			defaultConfigurationIsVisible = 0;
			defaultConfigurationName = Release;
		};
/* End XCConfigurationList section */
	};
	rootObject = 2911763821F45FAF00438367 /* Project object */;
}
